
Microsoft Visual Studio Solution File, Format Version 12.00
# Visual Studio Version 17
VisualStudioVersion = 17.2.32630.192
MinimumVisualStudioVersion = 10.0.40219.1
Project("{8BC9CEB8-8B4A-11D0-8D11-00A0C91BC942}") = "EXAMPLE1", "EXAMPLE1\EXAMPLE1.vcxproj", "{4D990EF5-11F2-4E45-9EBE-D61CFCB64390}"
EndProject
Project("{8BC9CEB8-8B4A-11D0-8D11-00A0C91BC942}") = "EXAMPLE2", "EXAMPLE2\EXAMPLE2.vcxproj", "{D3711EDA-A056-46DB-8C5E-34AD1A484F08}"
EndProject
Project("{8BC9CEB8-8B4A-11D0-8D11-00A0C91BC942}") = "EXAMPLE3", "EXAMPLE3\EXAMPLE3.vcxproj", "{6486A689-1D3A-4FC6-8434-20DD83C2B1C9}"
EndProject
Project("{8BC9CEB8-8B4A-11D0-8D11-00A0C91BC942}") = "EXAMPLE4", "EXAMPLE4\EXAMPLE4.vcxproj", "{69D0E3F8-2813-49A1-9A34-127CD115091E}"
EndProject
Project("{8BC9CEB8-8B4A-11D0-8D11-00A0C91BC942}") = "EXAMPLE5", "EXAMPLE5\EXAMPLE5.vcxproj", "{28942955-461A-4B51-A377-20F1F4E0BEED}"
EndProject
Project("{8BC9CEB8-8B4A-11D0-8D11-00A0C91BC942}") = "EXAMPLE6", "EXAMPLE6\EXAMPLE6.vcxproj", "{DEA11278-1EB8-49EB-ACF7-9008D03168BD}"
EndProject
Project("{8BC9CEB8-8B4A-11D0-8D11-00A0C91BC942}") = "EXAMPLE7", "EXAMPLE7\EXAMPLE7.vcxproj", "{BADA595A-DF86-4153-BC81-2496840D970E}"
EndProject
Project("{8BC9CEB8-8B4A-11D0-8D11-00A0C91BC942}") = "EXAMPLE8", "EXAMPLE8\EXAMPLE8.vcxproj", "{65ACBD30-87AB-4C4D-A79C-67E200BD5156}"
EndProject
Project("{8BC9CEB8-8B4A-11D0-8D11-00A0C91BC942}") = "EXAMPLE9", "EXAMPLE9\EXAMPLE9.vcxproj", "{EB28F32A-27B1-4E7D-A949-D5B88A4D7471}"
EndProject
Project("{8BC9CEB8-8B4A-11D0-8D11-00A0C91BC942}") = "EXAMPLE10", "EXAMPLE10\EXAMPLE10.vcxproj", "{BE3819DF-00D1-4D53-9D24-2D51F3BF93FD}"
EndProject
Project("{8BC9CEB8-8B4A-11D0-8D11-00A0C91BC942}") = "EXAMPLE11", "EXAMPLE11\EXAMPLE11.vcxproj", "{75F731C6-F042-4E13-BF9F-AACFCCEBDE15}"
EndProject
Project("{8BC9CEB8-8B4A-11D0-8D11-00A0C91BC942}") = "EXAMPLE12", "EXAMPLE12\EXAMPLE12.vcxproj", "{09737613-5DC9-44BF-86AE-1022E185B391}"
EndProject
Project("{8BC9CEB8-8B4A-11D0-8D11-00A0C91BC942}") = "EXAMPLE13", "EXAMPLE13\EXAMPLE13.vcxproj", "{21028B54-ADCC-4A86-98C8-B1DEF79676D8}"
EndProject
Project("{8BC9CEB8-8B4A-11D0-8D11-00A0C91BC942}") = "EXAMPLE14", "EXAMPLE14\EXAMPLE14.vcxproj", "{92CF27DD-ECC2-4B92-9582-7CE8F8752A7A}"
EndProject
Project("{8BC9CEB8-8B4A-11D0-8D11-00A0C91BC942}") = "EXAMPLE15", "EXAMPLE15\EXAMPLE15.vcxproj", "{265CB83B-0738-48F7-A651-4022A493F226}"
EndProject
Project("{8BC9CEB8-8B4A-11D0-8D11-00A0C91BC942}") = "EXAMPLE16", "EXAMPLE16\EXAMPLE16.vcxproj", "{88341683-00D4-48EE-BA36-927E29FC6A78}"
EndProject
Project("{8BC9CEB8-8B4A-11D0-8D11-00A0C91BC942}") = "EXAMPLE17", "EXAMPLE17\EXAMPLE17.vcxproj", "{AFAEB3D2-8EBE-4074-8670-436D97BA238A}"
EndProject
Project("{8BC9CEB8-8B4A-11D0-8D11-00A0C91BC942}") = "EXAMPLE18", "EXAMPLE18\EXAMPLE18.vcxproj", "{E675D638-CE89-435C-9700-8AF0A554D5E7}"
EndProject
Project("{8BC9CEB8-8B4A-11D0-8D11-00A0C91BC942}") = "EXAMPLE19", "EXAMPLE19\EXAMPLE19.vcxproj", "{E7E0D7EA-BE29-4DCB-842A-38C0C4189C6E}"
EndProject
Project("{8BC9CEB8-8B4A-11D0-8D11-00A0C91BC942}") = "EXAMPLE20", "EXAMPLE20\EXAMPLE20.vcxproj", "{EA526743-306C-43C3-A41D-08A4857D7DD0}"
EndProject
Project("{8BC9CEB8-8B4A-11D0-8D11-00A0C91BC942}") = "EXAMPLE21", "EXAMPLE21\EXAMPLE21.vcxproj", "{BDD370F5-2157-4D1A-A495-C1E358BAF26D}"
EndProject
Project("{8BC9CEB8-8B4A-11D0-8D11-00A0C91BC942}") = "EXAMPLE22", "EXAMPLE22\EXAMPLE22.vcxproj", "{F823CE82-F752-4DE3-8EAB-C920FB55CFD0}"
EndProject
Global
	GlobalSection(SolutionConfigurationPlatforms) = preSolution
		Debug|x64 = Debug|x64
		Debug|x86 = Debug|x86
		Release|x64 = Release|x64
		Release|x86 = Release|x86
	EndGlobalSection
	GlobalSection(ProjectConfigurationPlatforms) = postSolution
		{4D990EF5-11F2-4E45-9EBE-D61CFCB64390}.Debug|x64.ActiveCfg = Debug|x64
		{4D990EF5-11F2-4E45-9EBE-D61CFCB64390}.Debug|x64.Build.0 = Debug|x64
		{4D990EF5-11F2-4E45-9EBE-D61CFCB64390}.Debug|x86.ActiveCfg = Debug|Win32
		{4D990EF5-11F2-4E45-9EBE-D61CFCB64390}.Debug|x86.Build.0 = Debug|Win32
		{4D990EF5-11F2-4E45-9EBE-D61CFCB64390}.Release|x64.ActiveCfg = Release|x64
		{4D990EF5-11F2-4E45-9EBE-D61CFCB64390}.Release|x64.Build.0 = Release|x64
		{4D990EF5-11F2-4E45-9EBE-D61CFCB64390}.Release|x86.ActiveCfg = Release|Win32
		{4D990EF5-11F2-4E45-9EBE-D61CFCB64390}.Release|x86.Build.0 = Release|Win32
		{D3711EDA-A056-46DB-8C5E-34AD1A484F08}.Debug|x64.ActiveCfg = Debug|x64
		{D3711EDA-A056-46DB-8C5E-34AD1A484F08}.Debug|x64.Build.0 = Debug|x64
		{D3711EDA-A056-46DB-8C5E-34AD1A484F08}.Debug|x86.ActiveCfg = Debug|Win32
		{D3711EDA-A056-46DB-8C5E-34AD1A484F08}.Debug|x86.Build.0 = Debug|Win32
		{D3711EDA-A056-46DB-8C5E-34AD1A484F08}.Release|x64.ActiveCfg = Release|x64
		{D3711EDA-A056-46DB-8C5E-34AD1A484F08}.Release|x64.Build.0 = Release|x64
		{D3711EDA-A056-46DB-8C5E-34AD1A484F08}.Release|x86.ActiveCfg = Release|Win32
		{D3711EDA-A056-46DB-8C5E-34AD1A484F08}.Release|x86.Build.0 = Release|Win32
		{6486A689-1D3A-4FC6-8434-20DD83C2B1C9}.Debug|x64.ActiveCfg = Debug|x64
		{6486A689-1D3A-4FC6-8434-20DD83C2B1C9}.Debug|x64.Build.0 = Debug|x64
		{6486A689-1D3A-4FC6-8434-20DD83C2B1C9}.Debug|x86.ActiveCfg = Debug|Win32
		{6486A689-1D3A-4FC6-8434-20DD83C2B1C9}.Debug|x86.Build.0 = Debug|Win32
		{6486A689-1D3A-4FC6-8434-20DD83C2B1C9}.Release|x64.ActiveCfg = Release|x64
		{6486A689-1D3A-4FC6-8434-20DD83C2B1C9}.Release|x64.Build.0 = Release|x64
		{6486A689-1D3A-4FC6-8434-20DD83C2B1C9}.Release|x86.ActiveCfg = Release|Win32
		{6486A689-1D3A-4FC6-8434-20DD83C2B1C9}.Release|x86.Build.0 = Release|Win32
		{69D0E3F8-2813-49A1-9A34-127CD115091E}.Debug|x64.ActiveCfg = Debug|x64
		{69D0E3F8-2813-49A1-9A34-127CD115091E}.Debug|x64.Build.0 = Debug|x64
		{69D0E3F8-2813-49A1-9A34-127CD115091E}.Debug|x86.ActiveCfg = Debug|Win32
		{69D0E3F8-2813-49A1-9A34-127CD115091E}.Debug|x86.Build.0 = Debug|Win32
		{69D0E3F8-2813-49A1-9A34-127CD115091E}.Release|x64.ActiveCfg = Release|x64
		{69D0E3F8-2813-49A1-9A34-127CD115091E}.Release|x64.Build.0 = Release|x64
		{69D0E3F8-2813-49A1-9A34-127CD115091E}.Release|x86.ActiveCfg = Release|Win32
		{69D0E3F8-2813-49A1-9A34-127CD115091E}.Release|x86.Build.0 = Release|Win32
		{28942955-461A-4B51-A377-20F1F4E0BEED}.Debug|x64.ActiveCfg = Debug|x64
		{28942955-461A-4B51-A377-20F1F4E0BEED}.Debug|x64.Build.0 = Debug|x64
		{28942955-461A-4B51-A377-20F1F4E0BEED}.Debug|x86.ActiveCfg = Debug|Win32
		{28942955-461A-4B51-A377-20F1F4E0BEED}.Debug|x86.Build.0 = Debug|Win32
		{28942955-461A-4B51-A377-20F1F4E0BEED}.Release|x64.ActiveCfg = Release|x64
		{28942955-461A-4B51-A377-20F1F4E0BEED}.Release|x64.Build.0 = Release|x64
		{28942955-461A-4B51-A377-20F1F4E0BEED}.Release|x86.ActiveCfg = Release|Win32
		{28942955-461A-4B51-A377-20F1F4E0BEED}.Release|x86.Build.0 = Release|Win32
		{DEA11278-1EB8-49EB-ACF7-9008D03168BD}.Debug|x64.ActiveCfg = Debug|x64
		{DEA11278-1EB8-49EB-ACF7-9008D03168BD}.Debug|x64.Build.0 = Debug|x64
		{DEA11278-1EB8-49EB-ACF7-9008D03168BD}.Debug|x86.ActiveCfg = Debug|Win32
		{DEA11278-1EB8-49EB-ACF7-9008D03168BD}.Debug|x86.Build.0 = Debug|Win32
		{DEA11278-1EB8-49EB-ACF7-9008D03168BD}.Release|x64.ActiveCfg = Release|x64
		{DEA11278-1EB8-49EB-ACF7-9008D03168BD}.Release|x64.Build.0 = Release|x64
		{DEA11278-1EB8-49EB-ACF7-9008D03168BD}.Release|x86.ActiveCfg = Release|Win32
		{DEA11278-1EB8-49EB-ACF7-9008D03168BD}.Release|x86.Build.0 = Release|Win32
		{BADA595A-DF86-4153-BC81-2496840D970E}.Debug|x64.ActiveCfg = Debug|x64
		{BADA595A-DF86-4153-BC81-2496840D970E}.Debug|x64.Build.0 = Debug|x64
		{BADA595A-DF86-4153-BC81-2496840D970E}.Debug|x86.ActiveCfg = Debug|Win32
		{BADA595A-DF86-4153-BC81-2496840D970E}.Debug|x86.Build.0 = Debug|Win32
		{BADA595A-DF86-4153-BC81-2496840D970E}.Release|x64.ActiveCfg = Release|x64
		{BADA595A-DF86-4153-BC81-2496840D970E}.Release|x64.Build.0 = Release|x64
		{BADA595A-DF86-4153-BC81-2496840D970E}.Release|x86.ActiveCfg = Release|Win32
		{BADA595A-DF86-4153-BC81-2496840D970E}.Release|x86.Build.0 = Release|Win32
		{65ACBD30-87AB-4C4D-A79C-67E200BD5156}.Debug|x64.ActiveCfg = Debug|x64
		{65ACBD30-87AB-4C4D-A79C-67E200BD5156}.Debug|x64.Build.0 = Debug|x64
		{65ACBD30-87AB-4C4D-A79C-67E200BD5156}.Debug|x86.ActiveCfg = Debug|Win32
		{65ACBD30-87AB-4C4D-A79C-67E200BD5156}.Debug|x86.Build.0 = Debug|Win32
		{65ACBD30-87AB-4C4D-A79C-67E200BD5156}.Release|x64.ActiveCfg = Release|x64
		{65ACBD30-87AB-4C4D-A79C-67E200BD5156}.Release|x64.Build.0 = Release|x64
		{65ACBD30-87AB-4C4D-A79C-67E200BD5156}.Release|x86.ActiveCfg = Release|Win32
		{65ACBD30-87AB-4C4D-A79C-67E200BD5156}.Release|x86.Build.0 = Release|Win32
		{EB28F32A-27B1-4E7D-A949-D5B88A4D7471}.Debug|x64.ActiveCfg = Debug|x64
		{EB28F32A-27B1-4E7D-A949-D5B88A4D7471}.Debug|x64.Build.0 = Debug|x64
		{EB28F32A-27B1-4E7D-A949-D5B88A4D7471}.Debug|x86.ActiveCfg = Debug|Win32
		{EB28F32A-27B1-4E7D-A949-D5B88A4D7471}.Debug|x86.Build.0 = Debug|Win32
		{EB28F32A-27B1-4E7D-A949-D5B88A4D7471}.Release|x64.ActiveCfg = Release|x64
		{EB28F32A-27B1-4E7D-A949-D5B88A4D7471}.Release|x64.Build.0 = Release|x64
		{EB28F32A-27B1-4E7D-A949-D5B88A4D7471}.Release|x86.ActiveCfg = Release|Win32
		{EB28F32A-27B1-4E7D-A949-D5B88A4D7471}.Release|x86.Build.0 = Release|Win32
		{BE3819DF-00D1-4D53-9D24-2D51F3BF93FD}.Debug|x64.ActiveCfg = Debug|x64
		{BE3819DF-00D1-4D53-9D24-2D51F3BF93FD}.Debug|x64.Build.0 = Debug|x64
		{BE3819DF-00D1-4D53-9D24-2D51F3BF93FD}.Debug|x86.ActiveCfg = Debug|Win32
		{BE3819DF-00D1-4D53-9D24-2D51F3BF93FD}.Debug|x86.Build.0 = Debug|Win32
		{BE3819DF-00D1-4D53-9D24-2D51F3BF93FD}.Release|x64.ActiveCfg = Release|x64
		{BE3819DF-00D1-4D53-9D24-2D51F3BF93FD}.Release|x64.Build.0 = Release|x64
		{BE3819DF-00D1-4D53-9D24-2D51F3BF93FD}.Release|x86.ActiveCfg = Release|Win32
		{BE3819DF-00D1-4D53-9D24-2D51F3BF93FD}.Release|x86.Build.0 = Release|Win32
		{75F731C6-F042-4E13-BF9F-AACFCCEBDE15}.Debug|x64.ActiveCfg = Debug|x64
		{75F731C6-F042-4E13-BF9F-AACFCCEBDE15}.Debug|x64.Build.0 = Debug|x64
		{75F731C6-F042-4E13-BF9F-AACFCCEBDE15}.Debug|x86.ActiveCfg = Debug|Win32
		{75F731C6-F042-4E13-BF9F-AACFCCEBDE15}.Debug|x86.Build.0 = Debug|Win32
		{75F731C6-F042-4E13-BF9F-AACFCCEBDE15}.Release|x64.ActiveCfg = Release|x64
		{75F731C6-F042-4E13-BF9F-AACFCCEBDE15}.Release|x64.Build.0 = Release|x64
		{75F731C6-F042-4E13-BF9F-AACFCCEBDE15}.Release|x86.ActiveCfg = Release|Win32
		{75F731C6-F042-4E13-BF9F-AACFCCEBDE15}.Release|x86.Build.0 = Release|Win32
		{09737613-5DC9-44BF-86AE-1022E185B391}.Debug|x64.ActiveCfg = Debug|x64
		{09737613-5DC9-44BF-86AE-1022E185B391}.Debug|x64.Build.0 = Debug|x64
		{09737613-5DC9-44BF-86AE-1022E185B391}.Debug|x86.ActiveCfg = Debug|Win32
		{09737613-5DC9-44BF-86AE-1022E185B391}.Debug|x86.Build.0 = Debug|Win32
		{09737613-5DC9-44BF-86AE-1022E185B391}.Release|x64.ActiveCfg = Release|x64
		{09737613-5DC9-44BF-86AE-1022E185B391}.Release|x64.Build.0 = Release|x64
		{09737613-5DC9-44BF-86AE-1022E185B391}.Release|x86.ActiveCfg = Release|Win32
		{09737613-5DC9-44BF-86AE-1022E185B391}.Release|x86.Build.0 = Release|Win32
		{21028B54-ADCC-4A86-98C8-B1DEF79676D8}.Debug|x64.ActiveCfg = Debug|x64
		{21028B54-ADCC-4A86-98C8-B1DEF79676D8}.Debug|x64.Build.0 = Debug|x64
		{21028B54-ADCC-4A86-98C8-B1DEF79676D8}.Debug|x86.ActiveCfg = Debug|Win32
		{21028B54-ADCC-4A86-98C8-B1DEF79676D8}.Debug|x86.Build.0 = Debug|Win32
		{21028B54-ADCC-4A86-98C8-B1DEF79676D8}.Release|x64.ActiveCfg = Release|x64
		{21028B54-ADCC-4A86-98C8-B1DEF79676D8}.Release|x64.Build.0 = Release|x64
		{21028B54-ADCC-4A86-98C8-B1DEF79676D8}.Release|x86.ActiveCfg = Release|Win32
		{21028B54-ADCC-4A86-98C8-B1DEF79676D8}.Release|x86.Build.0 = Release|Win32
		{92CF27DD-ECC2-4B92-9582-7CE8F8752A7A}.Debug|x64.ActiveCfg = Debug|x64
		{92CF27DD-ECC2-4B92-9582-7CE8F8752A7A}.Debug|x64.Build.0 = Debug|x64
		{92CF27DD-ECC2-4B92-9582-7CE8F8752A7A}.Debug|x86.ActiveCfg = Debug|Win32
		{92CF27DD-ECC2-4B92-9582-7CE8F8752A7A}.Debug|x86.Build.0 = Debug|Win32
		{92CF27DD-ECC2-4B92-9582-7CE8F8752A7A}.Release|x64.ActiveCfg = Release|x64
		{92CF27DD-ECC2-4B92-9582-7CE8F8752A7A}.Release|x64.Build.0 = Release|x64
		{92CF27DD-ECC2-4B92-9582-7CE8F8752A7A}.Release|x86.ActiveCfg = Release|Win32
		{92CF27DD-ECC2-4B92-9582-7CE8F8752A7A}.Release|x86.Build.0 = Release|Win32
		{265CB83B-0738-48F7-A651-4022A493F226}.Debug|x64.ActiveCfg = Debug|x64
		{265CB83B-0738-48F7-A651-4022A493F226}.Debug|x64.Build.0 = Debug|x64
		{265CB83B-0738-48F7-A651-4022A493F226}.Debug|x86.ActiveCfg = Debug|Win32
		{265CB83B-0738-48F7-A651-4022A493F226}.Debug|x86.Build.0 = Debug|Win32
		{265CB83B-0738-48F7-A651-4022A493F226}.Release|x64.ActiveCfg = Release|x64
		{265CB83B-0738-48F7-A651-4022A493F226}.Release|x64.Build.0 = Release|x64
		{265CB83B-0738-48F7-A651-4022A493F226}.Release|x86.ActiveCfg = Release|Win32
		{265CB83B-0738-48F7-A651-4022A493F226}.Release|x86.Build.0 = Release|Win32
		{88341683-00D4-48EE-BA36-927E29FC6A78}.Debug|x64.ActiveCfg = Debug|x64
		{88341683-00D4-48EE-BA36-927E29FC6A78}.Debug|x64.Build.0 = Debug|x64
		{88341683-00D4-48EE-BA36-927E29FC6A78}.Debug|x86.ActiveCfg = Debug|Win32
		{88341683-00D4-48EE-BA36-927E29FC6A78}.Debug|x86.Build.0 = Debug|Win32
		{88341683-00D4-48EE-BA36-927E29FC6A78}.Release|x64.ActiveCfg = Release|x64
		{88341683-00D4-48EE-BA36-927E29FC6A78}.Release|x64.Build.0 = Release|x64
		{88341683-00D4-48EE-BA36-927E29FC6A78}.Release|x86.ActiveCfg = Release|Win32
		{88341683-00D4-48EE-BA36-927E29FC6A78}.Release|x86.Build.0 = Release|Win32
		{AFAEB3D2-8EBE-4074-8670-436D97BA238A}.Debug|x64.ActiveCfg = Debug|x64
		{AFAEB3D2-8EBE-4074-8670-436D97BA238A}.Debug|x64.Build.0 = Debug|x64
		{AFAEB3D2-8EBE-4074-8670-436D97BA238A}.Debug|x86.ActiveCfg = Debug|Win32
		{AFAEB3D2-8EBE-4074-8670-436D97BA238A}.Debug|x86.Build.0 = Debug|Win32
		{AFAEB3D2-8EBE-4074-8670-436D97BA238A}.Release|x64.ActiveCfg = Release|x64
		{AFAEB3D2-8EBE-4074-8670-436D97BA238A}.Release|x64.Build.0 = Release|x64
		{AFAEB3D2-8EBE-4074-8670-436D97BA238A}.Release|x86.ActiveCfg = Release|Win32
		{AFAEB3D2-8EBE-4074-8670-436D97BA238A}.Release|x86.Build.0 = Release|Win32
		{E675D638-CE89-435C-9700-8AF0A554D5E7}.Debug|x64.ActiveCfg = Debug|x64
		{E675D638-CE89-435C-9700-8AF0A554D5E7}.Debug|x64.Build.0 = Debug|x64
		{E675D638-CE89-435C-9700-8AF0A554D5E7}.Debug|x86.ActiveCfg = Debug|Win32
		{E675D638-CE89-435C-9700-8AF0A554D5E7}.Debug|x86.Build.0 = Debug|Win32
		{E675D638-CE89-435C-9700-8AF0A554D5E7}.Release|x64.ActiveCfg = Release|x64
		{E675D638-CE89-435C-9700-8AF0A554D5E7}.Release|x64.Build.0 = Release|x64
		{E675D638-CE89-435C-9700-8AF0A554D5E7}.Release|x86.ActiveCfg = Release|Win32
		{E675D638-CE89-435C-9700-8AF0A554D5E7}.Release|x86.Build.0 = Release|Win32
		{E7E0D7EA-BE29-4DCB-842A-38C0C4189C6E}.Debug|x64.ActiveCfg = Debug|x64
		{E7E0D7EA-BE29-4DCB-842A-38C0C4189C6E}.Debug|x64.Build.0 = Debug|x64
		{E7E0D7EA-BE29-4DCB-842A-38C0C4189C6E}.Debug|x86.ActiveCfg = Debug|Win32
		{E7E0D7EA-BE29-4DCB-842A-38C0C4189C6E}.Debug|x86.Build.0 = Debug|Win32
		{E7E0D7EA-BE29-4DCB-842A-38C0C4189C6E}.Release|x64.ActiveCfg = Release|x64
		{E7E0D7EA-BE29-4DCB-842A-38C0C4189C6E}.Release|x64.Build.0 = Release|x64
		{E7E0D7EA-BE29-4DCB-842A-38C0C4189C6E}.Release|x86.ActiveCfg = Release|Win32
		{E7E0D7EA-BE29-4DCB-842A-38C0C4189C6E}.Release|x86.Build.0 = Release|Win32
		{EA526743-306C-43C3-A41D-08A4857D7DD0}.Debug|x64.ActiveCfg = Debug|x64
		{EA526743-306C-43C3-A41D-08A4857D7DD0}.Debug|x64.Build.0 = Debug|x64
		{EA526743-306C-43C3-A41D-08A4857D7DD0}.Debug|x86.ActiveCfg = Debug|Win32
		{EA526743-306C-43C3-A41D-08A4857D7DD0}.Debug|x86.Build.0 = Debug|Win32
		{EA526743-306C-43C3-A41D-08A4857D7DD0}.Release|x64.ActiveCfg = Release|x64
		{EA526743-306C-43C3-A41D-08A4857D7DD0}.Release|x64.Build.0 = Release|x64
		{EA526743-306C-43C3-A41D-08A4857D7DD0}.Release|x86.ActiveCfg = Release|Win32
		{EA526743-306C-43C3-A41D-08A4857D7DD0}.Release|x86.Build.0 = Release|Win32
		{BDD370F5-2157-4D1A-A495-C1E358BAF26D}.Debug|x64.ActiveCfg = Debug|x64
		{BDD370F5-2157-4D1A-A495-C1E358BAF26D}.Debug|x64.Build.0 = Debug|x64
		{BDD370F5-2157-4D1A-A495-C1E358BAF26D}.Debug|x86.ActiveCfg = Debug|Win32
		{BDD370F5-2157-4D1A-A495-C1E358BAF26D}.Debug|x86.Build.0 = Debug|Win32
		{BDD370F5-2157-4D1A-A495-C1E358BAF26D}.Release|x64.ActiveCfg = Release|x64
		{BDD370F5-2157-4D1A-A495-C1E358BAF26D}.Release|x64.Build.0 = Release|x64
		{BDD370F5-2157-4D1A-A495-C1E358BAF26D}.Release|x86.ActiveCfg = Release|Win32
		{BDD370F5-2157-4D1A-A495-C1E358BAF26D}.Release|x86.Build.0 = Release|Win32
		{F823CE82-F752-4DE3-8EAB-C920FB55CFD0}.Debug|x64.ActiveCfg = Debug|x64
		{F823CE82-F752-4DE3-8EAB-C920FB55CFD0}.Debug|x64.Build.0 = Debug|x64
		{F823CE82-F752-4DE3-8EAB-C920FB55CFD0}.Debug|x86.ActiveCfg = Debug|Win32
		{F823CE82-F752-4DE3-8EAB-C920FB55CFD0}.Debug|x86.Build.0 = Debug|Win32
		{F823CE82-F752-4DE3-8EAB-C920FB55CFD0}.Release|x64.ActiveCfg = Release|x64
		{F823CE82-F752-4DE3-8EAB-C920FB55CFD0}.Release|x64.Build.0 = Release|x64
		{F823CE82-F752-4DE3-8EAB-C920FB55CFD0}.Release|x86.ActiveCfg = Release|Win32
		{F823CE82-F752-4DE3-8EAB-C920FB55CFD0}.Release|x86.Build.0 = Release|Win32
	EndGlobalSection
	GlobalSection(SolutionProperties) = preSolution
		HideSolutionNode = FALSE
	EndGlobalSection
	GlobalSection(ExtensibilityGlobals) = postSolution
		SolutionGuid = {8670CC04-785E-45E2-9895-BFD87213ADC7}
	EndGlobalSection
EndGlobal
