<?xml version="1.0" encoding="utf-8"?>
<Project ToolsVersion="4.0" xmlns="http://schemas.microsoft.com/developer/msbuild/2003">
  <ItemGroup>
    <Filter Include="GAMEENGINE">
      <UniqueIdentifier>{755f6659-9b9a-49cc-8519-8809a663b45f}</UniqueIdentifier>
    </Filter>
    <Filter Include="GAMEENGINE\GAMEOBJECT">
      <UniqueIdentifier>{384a6026-8408-4c7b-b2dc-e0a8b540e2e6}</UniqueIdentifier>
    </Filter>
    <Filter Include="GAMEENGINE\MANAGERS">
      <UniqueIdentifier>{b7847514-a4f8-4369-90a4-2bb934a9fd69}</UniqueIdentifier>
    </Filter>
    <Filter Include="GAMEOBJECTS">
      <UniqueIdentifier>{1ffebe26-7928-477d-b5f7-1a8aa2b8e3d3}</UniqueIdentifier>
    </Filter>
    <Filter Include="MAIN">
      <UniqueIdentifier>{79a3ea41-0bc1-427a-857f-1563510417ab}</UniqueIdentifier>
    </Filter>
    <Filter Include="SCENES">
      <UniqueIdentifier>{2cac1b17-aa05-48fc-b8e4-82a60741f6e7}</UniqueIdentifier>
    </Filter>
    <Filter Include="UTILITIES">
      <UniqueIdentifier>{80339251-b793-4120-a652-7a94f3cd2380}</UniqueIdentifier>
    </Filter>
  </ItemGroup>
  <ItemGroup>
    <ClInclude Include="Game.h">
      <Filter>GAMEENGINE</Filter>
    </ClInclude>
    <ClInclude Include="Renderer.h">
      <Filter>GAMEENGINE</Filter>
    </ClInclude>
    <ClInclude Include="Scene.h">
      <Filter>GAMEENGINE</Filter>
    </ClInclude>
    <ClInclude Include="Window.h">
      <Filter>GAMEENGINE</Filter>
    </ClInclude>
    <ClInclude Include="AnimationManager.h">
      <Filter>GAMEENGINE\MANAGERS</Filter>
    </ClInclude>
    <ClInclude Include="InputManager.h">
      <Filter>GAMEENGINE\MANAGERS</Filter>
    </ClInclude>
    <ClInclude Include="ResourceManager.h">
      <Filter>GAMEENGINE\MANAGERS</Filter>
    </ClInclude>
    <ClInclude Include="SceneManager.h">
      <Filter>GAMEENGINE\MANAGERS</Filter>
    </ClInclude>
    <ClInclude Include="TimeManager.h">
      <Filter>GAMEENGINE\MANAGERS</Filter>
    </ClInclude>
    <ClInclude Include="AnimationComponent.h">
      <Filter>GAMEENGINE\GAMEOBJECT</Filter>
    </ClInclude>
    <ClInclude Include="GameObject.h">
      <Filter>GAMEENGINE\GAMEOBJECT</Filter>
    </ClInclude>
    <ClInclude Include="GameObjectBuilder.h">
      <Filter>GAMEENGINE\GAMEOBJECT</Filter>
    </ClInclude>
    <ClInclude Include="GameObjectDirector.h">
      <Filter>GAMEENGINE\GAMEOBJECT</Filter>
    </ClInclude>
    <ClInclude Include="GameObjectProperties.h">
      <Filter>GAMEENGINE\GAMEOBJECT</Filter>
    </ClInclude>
    <ClInclude Include="GraphicsComponent.h">
      <Filter>GAMEENGINE\GAMEOBJECT</Filter>
    </ClInclude>
    <ClInclude Include="Image.h">
      <Filter>GAMEENGINE\GAMEOBJECT</Filter>
    </ClInclude>
    <ClInclude Include="ImageDirector.h">
      <Filter>GAMEENGINE\GAMEOBJECT</Filter>
    </ClInclude>
    <ClInclude Include="Object.h">
      <Filter>GAMEENGINE\GAMEOBJECT</Filter>
    </ClInclude>
    <ClInclude Include="PhysicsComponent.h">
      <Filter>GAMEENGINE\GAMEOBJECT</Filter>
    </ClInclude>
    <ClInclude Include="SpriteDirector.h">
      <Filter>GAMEENGINE\GAMEOBJECT</Filter>
    </ClInclude>
    <ClInclude Include="Sprite.h">
      <Filter>GAMEENGINE\GAMEOBJECT</Filter>
    </ClInclude>
    <ClInclude Include="Card.h">
      <Filter>GAMEOBJECTS</Filter>
    </ClInclude>
    <ClInclude Include="Deck.h">
      <Filter>GAMEOBJECTS</Filter>
    </ClInclude>
    <ClInclude Include="Collider.h">
      <Filter>UTILITIES</Filter>
    </ClInclude>
    <ClInclude Include="Vector2D.h">
      <Filter>UTILITIES</Filter>
    </ClInclude>
    <ClInclude Include="Time.h">
      <Filter>UTILITIES</Filter>
    </ClInclude>
    <ClInclude Include="PlayScene.h">
      <Filter>SCENES</Filter>
    </ClInclude>
    <ClInclude Include="Global.h">
      <Filter>MAIN</Filter>
    </ClInclude>
    <ClInclude Include="Selector.h">
      <Filter>GAMEOBJECTS</Filter>
    </ClInclude>
  </ItemGroup>
  <ItemGroup>
    <ClCompile Include="Game.cpp">
      <Filter>GAMEENGINE</Filter>
    </ClCompile>
    <ClCompile Include="Renderer.cpp">
      <Filter>GAMEENGINE</Filter>
    </ClCompile>
    <ClCompile Include="Scene.cpp">
      <Filter>GAMEENGINE</Filter>
    </ClCompile>
    <ClCompile Include="Window.cpp">
      <Filter>GAMEENGINE</Filter>
    </ClCompile>
    <ClCompile Include="AnimationManager.cpp">
      <Filter>GAMEENGINE\MANAGERS</Filter>
    </ClCompile>
    <ClCompile Include="InputManager.cpp">
      <Filter>GAMEENGINE\MANAGERS</Filter>
    </ClCompile>
    <ClCompile Include="ResourceManager.cpp">
      <Filter>GAMEENGINE\MANAGERS</Filter>
    </ClCompile>
    <ClCompile Include="SceneManager.cpp">
      <Filter>GAMEENGINE\MANAGERS</Filter>
    </ClCompile>
    <ClCompile Include="TimeManager.cpp">
      <Filter>GAMEENGINE\MANAGERS</Filter>
    </ClCompile>
    <ClCompile Include="AnimationComponent.cpp">
      <Filter>GAMEENGINE\GAMEOBJECT</Filter>
    </ClCompile>
    <ClCompile Include="GameObject.cpp">
      <Filter>GAMEENGINE\GAMEOBJECT</Filter>
    </ClCompile>
    <ClCompile Include="GameObjectProperties.cpp">
      <Filter>GAMEENGINE\GAMEOBJECT</Filter>
    </ClCompile>
    <ClCompile Include="GraphicsComponent.cpp">
      <Filter>GAMEENGINE\GAMEOBJECT</Filter>
    </ClCompile>
    <ClCompile Include="Image.cpp">
      <Filter>GAMEENGINE\GAMEOBJECT</Filter>
    </ClCompile>
    <ClCompile Include="PhysicsComponent.cpp">
      <Filter>GAMEENGINE\GAMEOBJECT</Filter>
    </ClCompile>
    <ClCompile Include="Sprite.cpp">
      <Filter>GAMEENGINE\GAMEOBJECT</Filter>
    </ClCompile>
    <ClCompile Include="Card.cpp">
      <Filter>GAMEOBJECTS</Filter>
    </ClCompile>
    <ClCompile Include="Deck.cpp">
      <Filter>GAMEOBJECTS</Filter>
    </ClCompile>
    <ClCompile Include="Collider.cpp">
      <Filter>UTILITIES</Filter>
    </ClCompile>
    <ClCompile Include="Vector2D.cpp">
      <Filter>UTILITIES</Filter>
    </ClCompile>
    <ClCompile Include="Time.cpp">
      <Filter>UTILITIES</Filter>
    </ClCompile>
    <ClCompile Include="PlayScene.cpp">
      <Filter>SCENES</Filter>
    </ClCompile>
    <ClCompile Include="Main.cpp">
      <Filter>MAIN</Filter>
    </ClCompile>
    <ClCompile Include="Selector.cpp">
      <Filter>GAMEOBJECTS</Filter>
    </ClCompile>
  </ItemGroup>
</Project>