
Microsoft Visual Studio Solution File, Format Version 12.00
# Visual Studio Version 17
VisualStudioVersion = 17.2.32630.192
MinimumVisualStudioVersion = 10.0.40219.1
Project("{8BC9CEB8-8B4A-11D0-8D11-00A0C91BC942}") = "EXAMPLE1", "EXAMPLE1\EXAMPLE1.vcxproj", "{6A01D8F4-5AED-4847-8D4A-0201F478E326}"
EndProject
Project("{8BC9CEB8-8B4A-11D0-8D11-00A0C91BC942}") = "EXAMPLE2", "EXAMPLE2\EXAMPLE2.vcxproj", "{DA648A10-B924-4EC8-939F-09E2E4DD2709}"
EndProject
Project("{8BC9CEB8-8B4A-11D0-8D11-00A0C91BC942}") = "EXAMPLE3", "EXAMPLE3\EXAMPLE3.vcxproj", "{DA04832E-C365-401A-8F50-A33BEBED28FA}"
EndProject
Project("{8BC9CEB8-8B4A-11D0-8D11-00A0C91BC942}") = "EXAMPLE4", "EXAMPLE4\EXAMPLE4.vcxproj", "{B4F6F4D8-6EF4-490B-9943-92B7471115C9}"
EndProject
Project("{8BC9CEB8-8B4A-11D0-8D11-00A0C91BC942}") = "EXAMPLE5", "EXAMPLE5\EXAMPLE5.vcxproj", "{5A100FD9-6EE1-4C69-BBAB-3061D1FD876F}"
EndProject
Project("{8BC9CEB8-8B4A-11D0-8D11-00A0C91BC942}") = "EXAMPLE6", "EXAMPLE6\EXAMPLE6.vcxproj", "{6DABAC80-D884-4CBD-BE9B-F7CD58F33D2D}"
EndProject
Project("{8BC9CEB8-8B4A-11D0-8D11-00A0C91BC942}") = "EXAMPLE7", "EXAMPLE7\EXAMPLE7.vcxproj", "{651D99F8-4DED-44D1-AAEB-3CB535B709FA}"
EndProject
Project("{8BC9CEB8-8B4A-11D0-8D11-00A0C91BC942}") = "EXAMPLE8", "EXAMPLE8\EXAMPLE8.vcxproj", "{372A3543-C9F9-4D53-A46B-C7EC82E97098}"
EndProject
Project("{8BC9CEB8-8B4A-11D0-8D11-00A0C91BC942}") = "EXAMPLE9", "EXAMPLE9\EXAMPLE9.vcxproj", "{4C76AE6B-C322-47ED-BBD5-DFEAB66DC7A8}"
EndProject
Project("{8BC9CEB8-8B4A-11D0-8D11-00A0C91BC942}") = "EXAMPLE10", "EXAMPLE10\EXAMPLE10.vcxproj", "{D465346E-03A0-42C3-9688-3D8AB3D3E0D1}"
EndProject
Project("{8BC9CEB8-8B4A-11D0-8D11-00A0C91BC942}") = "EXAMPLE11", "EXAMPLE11\EXAMPLE11.vcxproj", "{9A1A85BA-6A6B-4330-B3C0-D5FA0F77FC40}"
EndProject
Project("{8BC9CEB8-8B4A-11D0-8D11-00A0C91BC942}") = "EXAMPLE12", "EXAMPLE12\EXAMPLE12.vcxproj", "{4FEE8D41-B5AF-43D7-A814-6EE45B2A065C}"
EndProject
Project("{8BC9CEB8-8B4A-11D0-8D11-00A0C91BC942}") = "EXAMPLE13", "EXAMPLE13\EXAMPLE13.vcxproj", "{59C90123-CF19-4B73-AC00-12F249707A3D}"
EndProject
Project("{8BC9CEB8-8B4A-11D0-8D11-00A0C91BC942}") = "EXAMPLE14", "EXAMPLE14\EXAMPLE14.vcxproj", "{849CF199-3C53-4257-BDBF-26519DA94B46}"
EndProject
Project("{8BC9CEB8-8B4A-11D0-8D11-00A0C91BC942}") = "EXAMPLE15", "EXAMPLE15\EXAMPLE15.vcxproj", "{BEBD5AEC-FC6E-41E6-9AAA-75C94E0073AA}"
EndProject
Project("{8BC9CEB8-8B4A-11D0-8D11-00A0C91BC942}") = "EXAMPLE16", "EXAMPLE16\EXAMPLE16.vcxproj", "{DB6C1BE0-F43F-45E6-8D8D-3615E220E139}"
EndProject
Project("{8BC9CEB8-8B4A-11D0-8D11-00A0C91BC942}") = "EXAMPLE17", "EXAMPLE17\EXAMPLE17.vcxproj", "{9447B1C1-1046-4780-809B-55B7F121D495}"
EndProject
Project("{8BC9CEB8-8B4A-11D0-8D11-00A0C91BC942}") = "EXAMPLE18", "EXAMPLE18\EXAMPLE18.vcxproj", "{755B74E7-70D2-4E75-BED2-98199F16D6A2}"
EndProject
Project("{8BC9CEB8-8B4A-11D0-8D11-00A0C91BC942}") = "EXAMPLE19", "EXAMPLE19\EXAMPLE19.vcxproj", "{810AD2F1-3C84-4DBB-B131-4151DDBB9CEA}"
EndProject
Project("{8BC9CEB8-8B4A-11D0-8D11-00A0C91BC942}") = "EXAMPLE20", "EXAMPLE20\EXAMPLE20.vcxproj", "{F1B400E0-D9BC-406B-9729-6DAC628C1386}"
EndProject
Project("{8BC9CEB8-8B4A-11D0-8D11-00A0C91BC942}") = "EXAMPLE21", "EXAMPLE21\EXAMPLE21.vcxproj", "{A0B164A2-AD19-4CD2-9605-4E54800576C7}"
EndProject
Global
	GlobalSection(SolutionConfigurationPlatforms) = preSolution
		Debug|x64 = Debug|x64
		Debug|x86 = Debug|x86
		Release|x64 = Release|x64
		Release|x86 = Release|x86
	EndGlobalSection
	GlobalSection(ProjectConfigurationPlatforms) = postSolution
		{6A01D8F4-5AED-4847-8D4A-0201F478E326}.Debug|x64.ActiveCfg = Debug|x64
		{6A01D8F4-5AED-4847-8D4A-0201F478E326}.Debug|x64.Build.0 = Debug|x64
		{6A01D8F4-5AED-4847-8D4A-0201F478E326}.Debug|x86.ActiveCfg = Debug|Win32
		{6A01D8F4-5AED-4847-8D4A-0201F478E326}.Debug|x86.Build.0 = Debug|Win32
		{6A01D8F4-5AED-4847-8D4A-0201F478E326}.Release|x64.ActiveCfg = Release|x64
		{6A01D8F4-5AED-4847-8D4A-0201F478E326}.Release|x64.Build.0 = Release|x64
		{6A01D8F4-5AED-4847-8D4A-0201F478E326}.Release|x86.ActiveCfg = Release|Win32
		{6A01D8F4-5AED-4847-8D4A-0201F478E326}.Release|x86.Build.0 = Release|Win32
		{DA648A10-B924-4EC8-939F-09E2E4DD2709}.Debug|x64.ActiveCfg = Debug|x64
		{DA648A10-B924-4EC8-939F-09E2E4DD2709}.Debug|x64.Build.0 = Debug|x64
		{DA648A10-B924-4EC8-939F-09E2E4DD2709}.Debug|x86.ActiveCfg = Debug|Win32
		{DA648A10-B924-4EC8-939F-09E2E4DD2709}.Debug|x86.Build.0 = Debug|Win32
		{DA648A10-B924-4EC8-939F-09E2E4DD2709}.Release|x64.ActiveCfg = Release|x64
		{DA648A10-B924-4EC8-939F-09E2E4DD2709}.Release|x64.Build.0 = Release|x64
		{DA648A10-B924-4EC8-939F-09E2E4DD2709}.Release|x86.ActiveCfg = Release|Win32
		{DA648A10-B924-4EC8-939F-09E2E4DD2709}.Release|x86.Build.0 = Release|Win32
		{DA04832E-C365-401A-8F50-A33BEBED28FA}.Debug|x64.ActiveCfg = Debug|x64
		{DA04832E-C365-401A-8F50-A33BEBED28FA}.Debug|x64.Build.0 = Debug|x64
		{DA04832E-C365-401A-8F50-A33BEBED28FA}.Debug|x86.ActiveCfg = Debug|Win32
		{DA04832E-C365-401A-8F50-A33BEBED28FA}.Debug|x86.Build.0 = Debug|Win32
		{DA04832E-C365-401A-8F50-A33BEBED28FA}.Release|x64.ActiveCfg = Release|x64
		{DA04832E-C365-401A-8F50-A33BEBED28FA}.Release|x64.Build.0 = Release|x64
		{DA04832E-C365-401A-8F50-A33BEBED28FA}.Release|x86.ActiveCfg = Release|Win32
		{DA04832E-C365-401A-8F50-A33BEBED28FA}.Release|x86.Build.0 = Release|Win32
		{B4F6F4D8-6EF4-490B-9943-92B7471115C9}.Debug|x64.ActiveCfg = Debug|x64
		{B4F6F4D8-6EF4-490B-9943-92B7471115C9}.Debug|x64.Build.0 = Debug|x64
		{B4F6F4D8-6EF4-490B-9943-92B7471115C9}.Debug|x86.ActiveCfg = Debug|Win32
		{B4F6F4D8-6EF4-490B-9943-92B7471115C9}.Debug|x86.Build.0 = Debug|Win32
		{B4F6F4D8-6EF4-490B-9943-92B7471115C9}.Release|x64.ActiveCfg = Release|x64
		{B4F6F4D8-6EF4-490B-9943-92B7471115C9}.Release|x64.Build.0 = Release|x64
		{B4F6F4D8-6EF4-490B-9943-92B7471115C9}.Release|x86.ActiveCfg = Release|Win32
		{B4F6F4D8-6EF4-490B-9943-92B7471115C9}.Release|x86.Build.0 = Release|Win32
		{5A100FD9-6EE1-4C69-BBAB-3061D1FD876F}.Debug|x64.ActiveCfg = Debug|x64
		{5A100FD9-6EE1-4C69-BBAB-3061D1FD876F}.Debug|x64.Build.0 = Debug|x64
		{5A100FD9-6EE1-4C69-BBAB-3061D1FD876F}.Debug|x86.ActiveCfg = Debug|Win32
		{5A100FD9-6EE1-4C69-BBAB-3061D1FD876F}.Debug|x86.Build.0 = Debug|Win32
		{5A100FD9-6EE1-4C69-BBAB-3061D1FD876F}.Release|x64.ActiveCfg = Release|x64
		{5A100FD9-6EE1-4C69-BBAB-3061D1FD876F}.Release|x64.Build.0 = Release|x64
		{5A100FD9-6EE1-4C69-BBAB-3061D1FD876F}.Release|x86.ActiveCfg = Release|Win32
		{5A100FD9-6EE1-4C69-BBAB-3061D1FD876F}.Release|x86.Build.0 = Release|Win32
		{6DABAC80-D884-4CBD-BE9B-F7CD58F33D2D}.Debug|x64.ActiveCfg = Debug|x64
		{6DABAC80-D884-4CBD-BE9B-F7CD58F33D2D}.Debug|x64.Build.0 = Debug|x64
		{6DABAC80-D884-4CBD-BE9B-F7CD58F33D2D}.Debug|x86.ActiveCfg = Debug|Win32
		{6DABAC80-D884-4CBD-BE9B-F7CD58F33D2D}.Debug|x86.Build.0 = Debug|Win32
		{6DABAC80-D884-4CBD-BE9B-F7CD58F33D2D}.Release|x64.ActiveCfg = Release|x64
		{6DABAC80-D884-4CBD-BE9B-F7CD58F33D2D}.Release|x64.Build.0 = Release|x64
		{6DABAC80-D884-4CBD-BE9B-F7CD58F33D2D}.Release|x86.ActiveCfg = Release|Win32
		{6DABAC80-D884-4CBD-BE9B-F7CD58F33D2D}.Release|x86.Build.0 = Release|Win32
		{651D99F8-4DED-44D1-AAEB-3CB535B709FA}.Debug|x64.ActiveCfg = Debug|x64
		{651D99F8-4DED-44D1-AAEB-3CB535B709FA}.Debug|x64.Build.0 = Debug|x64
		{651D99F8-4DED-44D1-AAEB-3CB535B709FA}.Debug|x86.ActiveCfg = Debug|Win32
		{651D99F8-4DED-44D1-AAEB-3CB535B709FA}.Debug|x86.Build.0 = Debug|Win32
		{651D99F8-4DED-44D1-AAEB-3CB535B709FA}.Release|x64.ActiveCfg = Release|x64
		{651D99F8-4DED-44D1-AAEB-3CB535B709FA}.Release|x64.Build.0 = Release|x64
		{651D99F8-4DED-44D1-AAEB-3CB535B709FA}.Release|x86.ActiveCfg = Release|Win32
		{651D99F8-4DED-44D1-AAEB-3CB535B709FA}.Release|x86.Build.0 = Release|Win32
		{372A3543-C9F9-4D53-A46B-C7EC82E97098}.Debug|x64.ActiveCfg = Debug|x64
		{372A3543-C9F9-4D53-A46B-C7EC82E97098}.Debug|x64.Build.0 = Debug|x64
		{372A3543-C9F9-4D53-A46B-C7EC82E97098}.Debug|x86.ActiveCfg = Debug|Win32
		{372A3543-C9F9-4D53-A46B-C7EC82E97098}.Debug|x86.Build.0 = Debug|Win32
		{372A3543-C9F9-4D53-A46B-C7EC82E97098}.Release|x64.ActiveCfg = Release|x64
		{372A3543-C9F9-4D53-A46B-C7EC82E97098}.Release|x64.Build.0 = Release|x64
		{372A3543-C9F9-4D53-A46B-C7EC82E97098}.Release|x86.ActiveCfg = Release|Win32
		{372A3543-C9F9-4D53-A46B-C7EC82E97098}.Release|x86.Build.0 = Release|Win32
		{4C76AE6B-C322-47ED-BBD5-DFEAB66DC7A8}.Debug|x64.ActiveCfg = Debug|x64
		{4C76AE6B-C322-47ED-BBD5-DFEAB66DC7A8}.Debug|x64.Build.0 = Debug|x64
		{4C76AE6B-C322-47ED-BBD5-DFEAB66DC7A8}.Debug|x86.ActiveCfg = Debug|Win32
		{4C76AE6B-C322-47ED-BBD5-DFEAB66DC7A8}.Debug|x86.Build.0 = Debug|Win32
		{4C76AE6B-C322-47ED-BBD5-DFEAB66DC7A8}.Release|x64.ActiveCfg = Release|x64
		{4C76AE6B-C322-47ED-BBD5-DFEAB66DC7A8}.Release|x64.Build.0 = Release|x64
		{4C76AE6B-C322-47ED-BBD5-DFEAB66DC7A8}.Release|x86.ActiveCfg = Release|Win32
		{4C76AE6B-C322-47ED-BBD5-DFEAB66DC7A8}.Release|x86.Build.0 = Release|Win32
		{D465346E-03A0-42C3-9688-3D8AB3D3E0D1}.Debug|x64.ActiveCfg = Debug|x64
		{D465346E-03A0-42C3-9688-3D8AB3D3E0D1}.Debug|x64.Build.0 = Debug|x64
		{D465346E-03A0-42C3-9688-3D8AB3D3E0D1}.Debug|x86.ActiveCfg = Debug|Win32
		{D465346E-03A0-42C3-9688-3D8AB3D3E0D1}.Debug|x86.Build.0 = Debug|Win32
		{D465346E-03A0-42C3-9688-3D8AB3D3E0D1}.Release|x64.ActiveCfg = Release|x64
		{D465346E-03A0-42C3-9688-3D8AB3D3E0D1}.Release|x64.Build.0 = Release|x64
		{D465346E-03A0-42C3-9688-3D8AB3D3E0D1}.Release|x86.ActiveCfg = Release|Win32
		{D465346E-03A0-42C3-9688-3D8AB3D3E0D1}.Release|x86.Build.0 = Release|Win32
		{9A1A85BA-6A6B-4330-B3C0-D5FA0F77FC40}.Debug|x64.ActiveCfg = Debug|x64
		{9A1A85BA-6A6B-4330-B3C0-D5FA0F77FC40}.Debug|x64.Build.0 = Debug|x64
		{9A1A85BA-6A6B-4330-B3C0-D5FA0F77FC40}.Debug|x86.ActiveCfg = Debug|Win32
		{9A1A85BA-6A6B-4330-B3C0-D5FA0F77FC40}.Debug|x86.Build.0 = Debug|Win32
		{9A1A85BA-6A6B-4330-B3C0-D5FA0F77FC40}.Release|x64.ActiveCfg = Release|x64
		{9A1A85BA-6A6B-4330-B3C0-D5FA0F77FC40}.Release|x64.Build.0 = Release|x64
		{9A1A85BA-6A6B-4330-B3C0-D5FA0F77FC40}.Release|x86.ActiveCfg = Release|Win32
		{9A1A85BA-6A6B-4330-B3C0-D5FA0F77FC40}.Release|x86.Build.0 = Release|Win32
		{4FEE8D41-B5AF-43D7-A814-6EE45B2A065C}.Debug|x64.ActiveCfg = Debug|x64
		{4FEE8D41-B5AF-43D7-A814-6EE45B2A065C}.Debug|x64.Build.0 = Debug|x64
		{4FEE8D41-B5AF-43D7-A814-6EE45B2A065C}.Debug|x86.ActiveCfg = Debug|Win32
		{4FEE8D41-B5AF-43D7-A814-6EE45B2A065C}.Debug|x86.Build.0 = Debug|Win32
		{4FEE8D41-B5AF-43D7-A814-6EE45B2A065C}.Release|x64.ActiveCfg = Release|x64
		{4FEE8D41-B5AF-43D7-A814-6EE45B2A065C}.Release|x64.Build.0 = Release|x64
		{4FEE8D41-B5AF-43D7-A814-6EE45B2A065C}.Release|x86.ActiveCfg = Release|Win32
		{4FEE8D41-B5AF-43D7-A814-6EE45B2A065C}.Release|x86.Build.0 = Release|Win32
		{59C90123-CF19-4B73-AC00-12F249707A3D}.Debug|x64.ActiveCfg = Debug|x64
		{59C90123-CF19-4B73-AC00-12F249707A3D}.Debug|x64.Build.0 = Debug|x64
		{59C90123-CF19-4B73-AC00-12F249707A3D}.Debug|x86.ActiveCfg = Debug|Win32
		{59C90123-CF19-4B73-AC00-12F249707A3D}.Debug|x86.Build.0 = Debug|Win32
		{59C90123-CF19-4B73-AC00-12F249707A3D}.Release|x64.ActiveCfg = Release|x64
		{59C90123-CF19-4B73-AC00-12F249707A3D}.Release|x64.Build.0 = Release|x64
		{59C90123-CF19-4B73-AC00-12F249707A3D}.Release|x86.ActiveCfg = Release|Win32
		{59C90123-CF19-4B73-AC00-12F249707A3D}.Release|x86.Build.0 = Release|Win32
		{849CF199-3C53-4257-BDBF-26519DA94B46}.Debug|x64.ActiveCfg = Debug|x64
		{849CF199-3C53-4257-BDBF-26519DA94B46}.Debug|x64.Build.0 = Debug|x64
		{849CF199-3C53-4257-BDBF-26519DA94B46}.Debug|x86.ActiveCfg = Debug|Win32
		{849CF199-3C53-4257-BDBF-26519DA94B46}.Debug|x86.Build.0 = Debug|Win32
		{849CF199-3C53-4257-BDBF-26519DA94B46}.Release|x64.ActiveCfg = Release|x64
		{849CF199-3C53-4257-BDBF-26519DA94B46}.Release|x64.Build.0 = Release|x64
		{849CF199-3C53-4257-BDBF-26519DA94B46}.Release|x86.ActiveCfg = Release|Win32
		{849CF199-3C53-4257-BDBF-26519DA94B46}.Release|x86.Build.0 = Release|Win32
		{BEBD5AEC-FC6E-41E6-9AAA-75C94E0073AA}.Debug|x64.ActiveCfg = Debug|x64
		{BEBD5AEC-FC6E-41E6-9AAA-75C94E0073AA}.Debug|x64.Build.0 = Debug|x64
		{BEBD5AEC-FC6E-41E6-9AAA-75C94E0073AA}.Debug|x86.ActiveCfg = Debug|Win32
		{BEBD5AEC-FC6E-41E6-9AAA-75C94E0073AA}.Debug|x86.Build.0 = Debug|Win32
		{BEBD5AEC-FC6E-41E6-9AAA-75C94E0073AA}.Release|x64.ActiveCfg = Release|x64
		{BEBD5AEC-FC6E-41E6-9AAA-75C94E0073AA}.Release|x64.Build.0 = Release|x64
		{BEBD5AEC-FC6E-41E6-9AAA-75C94E0073AA}.Release|x86.ActiveCfg = Release|Win32
		{BEBD5AEC-FC6E-41E6-9AAA-75C94E0073AA}.Release|x86.Build.0 = Release|Win32
		{DB6C1BE0-F43F-45E6-8D8D-3615E220E139}.Debug|x64.ActiveCfg = Debug|x64
		{DB6C1BE0-F43F-45E6-8D8D-3615E220E139}.Debug|x64.Build.0 = Debug|x64
		{DB6C1BE0-F43F-45E6-8D8D-3615E220E139}.Debug|x86.ActiveCfg = Debug|Win32
		{DB6C1BE0-F43F-45E6-8D8D-3615E220E139}.Debug|x86.Build.0 = Debug|Win32
		{DB6C1BE0-F43F-45E6-8D8D-3615E220E139}.Release|x64.ActiveCfg = Release|x64
		{DB6C1BE0-F43F-45E6-8D8D-3615E220E139}.Release|x64.Build.0 = Release|x64
		{DB6C1BE0-F43F-45E6-8D8D-3615E220E139}.Release|x86.ActiveCfg = Release|Win32
		{DB6C1BE0-F43F-45E6-8D8D-3615E220E139}.Release|x86.Build.0 = Release|Win32
		{9447B1C1-1046-4780-809B-55B7F121D495}.Debug|x64.ActiveCfg = Debug|x64
		{9447B1C1-1046-4780-809B-55B7F121D495}.Debug|x64.Build.0 = Debug|x64
		{9447B1C1-1046-4780-809B-55B7F121D495}.Debug|x86.ActiveCfg = Debug|Win32
		{9447B1C1-1046-4780-809B-55B7F121D495}.Debug|x86.Build.0 = Debug|Win32
		{9447B1C1-1046-4780-809B-55B7F121D495}.Release|x64.ActiveCfg = Release|x64
		{9447B1C1-1046-4780-809B-55B7F121D495}.Release|x64.Build.0 = Release|x64
		{9447B1C1-1046-4780-809B-55B7F121D495}.Release|x86.ActiveCfg = Release|Win32
		{9447B1C1-1046-4780-809B-55B7F121D495}.Release|x86.Build.0 = Release|Win32
		{755B74E7-70D2-4E75-BED2-98199F16D6A2}.Debug|x64.ActiveCfg = Debug|x64
		{755B74E7-70D2-4E75-BED2-98199F16D6A2}.Debug|x64.Build.0 = Debug|x64
		{755B74E7-70D2-4E75-BED2-98199F16D6A2}.Debug|x86.ActiveCfg = Debug|Win32
		{755B74E7-70D2-4E75-BED2-98199F16D6A2}.Debug|x86.Build.0 = Debug|Win32
		{755B74E7-70D2-4E75-BED2-98199F16D6A2}.Release|x64.ActiveCfg = Release|x64
		{755B74E7-70D2-4E75-BED2-98199F16D6A2}.Release|x64.Build.0 = Release|x64
		{755B74E7-70D2-4E75-BED2-98199F16D6A2}.Release|x86.ActiveCfg = Release|Win32
		{755B74E7-70D2-4E75-BED2-98199F16D6A2}.Release|x86.Build.0 = Release|Win32
		{810AD2F1-3C84-4DBB-B131-4151DDBB9CEA}.Debug|x64.ActiveCfg = Debug|x64
		{810AD2F1-3C84-4DBB-B131-4151DDBB9CEA}.Debug|x64.Build.0 = Debug|x64
		{810AD2F1-3C84-4DBB-B131-4151DDBB9CEA}.Debug|x86.ActiveCfg = Debug|Win32
		{810AD2F1-3C84-4DBB-B131-4151DDBB9CEA}.Debug|x86.Build.0 = Debug|Win32
		{810AD2F1-3C84-4DBB-B131-4151DDBB9CEA}.Release|x64.ActiveCfg = Release|x64
		{810AD2F1-3C84-4DBB-B131-4151DDBB9CEA}.Release|x64.Build.0 = Release|x64
		{810AD2F1-3C84-4DBB-B131-4151DDBB9CEA}.Release|x86.ActiveCfg = Release|Win32
		{810AD2F1-3C84-4DBB-B131-4151DDBB9CEA}.Release|x86.Build.0 = Release|Win32
		{F1B400E0-D9BC-406B-9729-6DAC628C1386}.Debug|x64.ActiveCfg = Debug|x64
		{F1B400E0-D9BC-406B-9729-6DAC628C1386}.Debug|x64.Build.0 = Debug|x64
		{F1B400E0-D9BC-406B-9729-6DAC628C1386}.Debug|x86.ActiveCfg = Debug|Win32
		{F1B400E0-D9BC-406B-9729-6DAC628C1386}.Debug|x86.Build.0 = Debug|Win32
		{F1B400E0-D9BC-406B-9729-6DAC628C1386}.Release|x64.ActiveCfg = Release|x64
		{F1B400E0-D9BC-406B-9729-6DAC628C1386}.Release|x64.Build.0 = Release|x64
		{F1B400E0-D9BC-406B-9729-6DAC628C1386}.Release|x86.ActiveCfg = Release|Win32
		{F1B400E0-D9BC-406B-9729-6DAC628C1386}.Release|x86.Build.0 = Release|Win32
		{A0B164A2-AD19-4CD2-9605-4E54800576C7}.Debug|x64.ActiveCfg = Debug|x64
		{A0B164A2-AD19-4CD2-9605-4E54800576C7}.Debug|x64.Build.0 = Debug|x64
		{A0B164A2-AD19-4CD2-9605-4E54800576C7}.Debug|x86.ActiveCfg = Debug|Win32
		{A0B164A2-AD19-4CD2-9605-4E54800576C7}.Debug|x86.Build.0 = Debug|Win32
		{A0B164A2-AD19-4CD2-9605-4E54800576C7}.Release|x64.ActiveCfg = Release|x64
		{A0B164A2-AD19-4CD2-9605-4E54800576C7}.Release|x64.Build.0 = Release|x64
		{A0B164A2-AD19-4CD2-9605-4E54800576C7}.Release|x86.ActiveCfg = Release|Win32
		{A0B164A2-AD19-4CD2-9605-4E54800576C7}.Release|x86.Build.0 = Release|Win32
	EndGlobalSection
	GlobalSection(SolutionProperties) = preSolution
		HideSolutionNode = FALSE
	EndGlobalSection
	GlobalSection(ExtensibilityGlobals) = postSolution
		SolutionGuid = {20D046B6-1800-4957-B85F-98406F464059}
	EndGlobalSection
EndGlobal
