
Microsoft Visual Studio Solution File, Format Version 12.00
# Visual Studio Version 17
VisualStudioVersion = 17.2.32630.192
MinimumVisualStudioVersion = 10.0.40219.1
Project("{8BC9CEB8-8B4A-11D0-8D11-00A0C91BC942}") = "EXAMPLE1", "EXAMPLE1/EXAMPLE1.vcxproj", "{1AE7DA71-12AF-476D-8073-B91543FA3E51}"
EndProject
Project("{8BC9CEB8-8B4A-11D0-8D11-00A0C91BC942}") = "EXAMPLE2", "EXAMPLE2/EXAMPLE2.vcxproj", "{B0A1962D-5CF0-4E8A-B5D2-A2ECEAF6B582}"
EndProject
Project("{8BC9CEB8-8B4A-11D0-8D11-00A0C91BC942}") = "EXAMPLE3", "EXAMPLE3/EXAMPLE3.vcxproj", "{99527B37-6A46-4858-B3B3-673526A6C685}"
EndProject
Project("{8BC9CEB8-8B4A-11D0-8D11-00A0C91BC942}") = "EXAMPLE4", "EXAMPLE4/EXAMPLE4.vcxproj", "{02FCB6D5-FBDB-4126-9854-8E5E23E9052E}"
EndProject
Project("{8BC9CEB8-8B4A-11D0-8D11-00A0C91BC942}") = "EXAMPLE5", "EXAMPLE5/EXAMPLE5.vcxproj", "{F1CE11C5-F546-4112-9F70-1B7C2ECF0770}"
EndProject
Project("{8BC9CEB8-8B4A-11D0-8D11-00A0C91BC942}") = "EXAMPLE6", "EXAMPLE6/EXAMPLE6.vcxproj", "{44A8383E-ADFC-4CEC-873C-2141E9F7E599}"
EndProject
Project("{8BC9CEB8-8B4A-11D0-8D11-00A0C91BC942}") = "EXAMPLE7", "EXAMPLE7/EXAMPLE7.vcxproj", "{AFB5AF03-774B-4DC7-9DD3-CE72C54F9C99}"
EndProject
Project("{8BC9CEB8-8B4A-11D0-8D11-00A0C91BC942}") = "EXAMPLE8", "EXAMPLE8/EXAMPLE8.vcxproj", "{51966137-27DC-4B6A-B907-35662B4AE4B4}"
EndProject
Project("{8BC9CEB8-8B4A-11D0-8D11-00A0C91BC942}") = "EXAMPLE9", "EXAMPLE9/EXAMPLE9.vcxproj", "{7FC6911F-28BC-440F-BC8E-9EA5AF380EF2}"
EndProject
Project("{8BC9CEB8-8B4A-11D0-8D11-00A0C91BC942}") = "EXAMPLE10", "EXAMPLE10/EXAMPLE10.vcxproj", "{88C66D33-146A-4D94-B1DA-F0852041D3AA}"
EndProject
Project("{8BC9CEB8-8B4A-11D0-8D11-00A0C91BC942}") = "EXAMPLE11", "EXAMPLE11/EXAMPLE11.vcxproj", "{29F96210-47F9-4E43-9569-011AE2F1ED94}"
EndProject
Project("{8BC9CEB8-8B4A-11D0-8D11-00A0C91BC942}") = "EXAMPLE12", "EXAMPLE12/EXAMPLE12.vcxproj", "{22FE9469-86FB-4A08-B6AA-CB1AC0F24DB0}"
EndProject
Project("{8BC9CEB8-8B4A-11D0-8D11-00A0C91BC942}") = "EXAMPLE13", "EXAMPLE13/EXAMPLE13.vcxproj", "{C4F01E74-2ACA-4C1C-A8FE-6138987B8023}"
EndProject
Project("{8BC9CEB8-8B4A-11D0-8D11-00A0C91BC942}") = "EXAMPLE14", "EXAMPLE14/EXAMPLE14.vcxproj", "{3B449D32-A6EB-4A22-8C9E-887381C0B6E2}"
EndProject
Project("{8BC9CEB8-8B4A-11D0-8D11-00A0C91BC942}") = "EXAMPLE15", "EXAMPLE15/EXAMPLE15.vcxproj", "{D16CDB86-4907-4A81-835F-4CA0E565BD01}"
EndProject
Global
	GlobalSection(SolutionConfigurationPlatforms) = preSolution
		Debug|x64 = Debug|x64
		Debug|x86 = Debug|x86
		Release|x64 = Release|x64
		Release|x86 = Release|x86
	EndGlobalSection
	GlobalSection(ProjectConfigurationPlatforms) = postSolution
		{1AE7DA71-12AF-476D-8073-B91543FA3E51}.Debug|x64.ActiveCfg = Debug|x64
		{1AE7DA71-12AF-476D-8073-B91543FA3E51}.Debug|x64.Build.0 = Debug|x64
		{1AE7DA71-12AF-476D-8073-B91543FA3E51}.Debug|x86.ActiveCfg = Debug|Win32
		{1AE7DA71-12AF-476D-8073-B91543FA3E51}.Debug|x86.Build.0 = Debug|Win32
		{1AE7DA71-12AF-476D-8073-B91543FA3E51}.Release|x64.ActiveCfg = Release|x64
		{1AE7DA71-12AF-476D-8073-B91543FA3E51}.Release|x64.Build.0 = Release|x64
		{1AE7DA71-12AF-476D-8073-B91543FA3E51}.Release|x86.ActiveCfg = Release|Win32
		{1AE7DA71-12AF-476D-8073-B91543FA3E51}.Release|x86.Build.0 = Release|Win32
		{B0A1962D-5CF0-4E8A-B5D2-A2ECEAF6B582}.Debug|x64.ActiveCfg = Debug|x64
		{B0A1962D-5CF0-4E8A-B5D2-A2ECEAF6B582}.Debug|x64.Build.0 = Debug|x64
		{B0A1962D-5CF0-4E8A-B5D2-A2ECEAF6B582}.Debug|x86.ActiveCfg = Debug|Win32
		{B0A1962D-5CF0-4E8A-B5D2-A2ECEAF6B582}.Debug|x86.Build.0 = Debug|Win32
		{B0A1962D-5CF0-4E8A-B5D2-A2ECEAF6B582}.Release|x64.ActiveCfg = Release|x64
		{B0A1962D-5CF0-4E8A-B5D2-A2ECEAF6B582}.Release|x64.Build.0 = Release|x64
		{B0A1962D-5CF0-4E8A-B5D2-A2ECEAF6B582}.Release|x86.ActiveCfg = Release|Win32
		{B0A1962D-5CF0-4E8A-B5D2-A2ECEAF6B582}.Release|x86.Build.0 = Release|Win32
		{99527B37-6A46-4858-B3B3-673526A6C685}.Debug|x64.ActiveCfg = Debug|x64
		{99527B37-6A46-4858-B3B3-673526A6C685}.Debug|x64.Build.0 = Debug|x64
		{99527B37-6A46-4858-B3B3-673526A6C685}.Debug|x86.ActiveCfg = Debug|Win32
		{99527B37-6A46-4858-B3B3-673526A6C685}.Debug|x86.Build.0 = Debug|Win32
		{99527B37-6A46-4858-B3B3-673526A6C685}.Release|x64.ActiveCfg = Release|x64
		{99527B37-6A46-4858-B3B3-673526A6C685}.Release|x64.Build.0 = Release|x64
		{99527B37-6A46-4858-B3B3-673526A6C685}.Release|x86.ActiveCfg = Release|Win32
		{99527B37-6A46-4858-B3B3-673526A6C685}.Release|x86.Build.0 = Release|Win32
		{02FCB6D5-FBDB-4126-9854-8E5E23E9052E}.Debug|x64.ActiveCfg = Debug|x64
		{02FCB6D5-FBDB-4126-9854-8E5E23E9052E}.Debug|x64.Build.0 = Debug|x64
		{02FCB6D5-FBDB-4126-9854-8E5E23E9052E}.Debug|x86.ActiveCfg = Debug|Win32
		{02FCB6D5-FBDB-4126-9854-8E5E23E9052E}.Debug|x86.Build.0 = Debug|Win32
		{02FCB6D5-FBDB-4126-9854-8E5E23E9052E}.Release|x64.ActiveCfg = Release|x64
		{02FCB6D5-FBDB-4126-9854-8E5E23E9052E}.Release|x64.Build.0 = Release|x64
		{02FCB6D5-FBDB-4126-9854-8E5E23E9052E}.Release|x86.ActiveCfg = Release|Win32
		{02FCB6D5-FBDB-4126-9854-8E5E23E9052E}.Release|x86.Build.0 = Release|Win32
		{F1CE11C5-F546-4112-9F70-1B7C2ECF0770}.Debug|x64.ActiveCfg = Debug|x64
		{F1CE11C5-F546-4112-9F70-1B7C2ECF0770}.Debug|x64.Build.0 = Debug|x64
		{F1CE11C5-F546-4112-9F70-1B7C2ECF0770}.Debug|x86.ActiveCfg = Debug|Win32
		{F1CE11C5-F546-4112-9F70-1B7C2ECF0770}.Debug|x86.Build.0 = Debug|Win32
		{F1CE11C5-F546-4112-9F70-1B7C2ECF0770}.Release|x64.ActiveCfg = Release|x64
		{F1CE11C5-F546-4112-9F70-1B7C2ECF0770}.Release|x64.Build.0 = Release|x64
		{F1CE11C5-F546-4112-9F70-1B7C2ECF0770}.Release|x86.ActiveCfg = Release|Win32
		{F1CE11C5-F546-4112-9F70-1B7C2ECF0770}.Release|x86.Build.0 = Release|Win32
		{44A8383E-ADFC-4CEC-873C-2141E9F7E599}.Debug|x64.ActiveCfg = Debug|x64
		{44A8383E-ADFC-4CEC-873C-2141E9F7E599}.Debug|x64.Build.0 = Debug|x64
		{44A8383E-ADFC-4CEC-873C-2141E9F7E599}.Debug|x86.ActiveCfg = Debug|Win32
		{44A8383E-ADFC-4CEC-873C-2141E9F7E599}.Debug|x86.Build.0 = Debug|Win32
		{44A8383E-ADFC-4CEC-873C-2141E9F7E599}.Release|x64.ActiveCfg = Release|x64
		{44A8383E-ADFC-4CEC-873C-2141E9F7E599}.Release|x64.Build.0 = Release|x64
		{44A8383E-ADFC-4CEC-873C-2141E9F7E599}.Release|x86.ActiveCfg = Release|Win32
		{44A8383E-ADFC-4CEC-873C-2141E9F7E599}.Release|x86.Build.0 = Release|Win32
		{AFB5AF03-774B-4DC7-9DD3-CE72C54F9C99}.Debug|x64.ActiveCfg = Debug|x64
		{AFB5AF03-774B-4DC7-9DD3-CE72C54F9C99}.Debug|x64.Build.0 = Debug|x64
		{AFB5AF03-774B-4DC7-9DD3-CE72C54F9C99}.Debug|x86.ActiveCfg = Debug|Win32
		{AFB5AF03-774B-4DC7-9DD3-CE72C54F9C99}.Debug|x86.Build.0 = Debug|Win32
		{AFB5AF03-774B-4DC7-9DD3-CE72C54F9C99}.Release|x64.ActiveCfg = Release|x64
		{AFB5AF03-774B-4DC7-9DD3-CE72C54F9C99}.Release|x64.Build.0 = Release|x64
		{AFB5AF03-774B-4DC7-9DD3-CE72C54F9C99}.Release|x86.ActiveCfg = Release|Win32
		{AFB5AF03-774B-4DC7-9DD3-CE72C54F9C99}.Release|x86.Build.0 = Release|Win32
		{51966137-27DC-4B6A-B907-35662B4AE4B4}.Debug|x64.ActiveCfg = Debug|x64
		{51966137-27DC-4B6A-B907-35662B4AE4B4}.Debug|x64.Build.0 = Debug|x64
		{51966137-27DC-4B6A-B907-35662B4AE4B4}.Debug|x86.ActiveCfg = Debug|Win32
		{51966137-27DC-4B6A-B907-35662B4AE4B4}.Debug|x86.Build.0 = Debug|Win32
		{51966137-27DC-4B6A-B907-35662B4AE4B4}.Release|x64.ActiveCfg = Release|x64
		{51966137-27DC-4B6A-B907-35662B4AE4B4}.Release|x64.Build.0 = Release|x64
		{51966137-27DC-4B6A-B907-35662B4AE4B4}.Release|x86.ActiveCfg = Release|Win32
		{51966137-27DC-4B6A-B907-35662B4AE4B4}.Release|x86.Build.0 = Release|Win32
		{7FC6911F-28BC-440F-BC8E-9EA5AF380EF2}.Debug|x64.ActiveCfg = Debug|x64
		{7FC6911F-28BC-440F-BC8E-9EA5AF380EF2}.Debug|x64.Build.0 = Debug|x64
		{7FC6911F-28BC-440F-BC8E-9EA5AF380EF2}.Debug|x86.ActiveCfg = Debug|Win32
		{7FC6911F-28BC-440F-BC8E-9EA5AF380EF2}.Debug|x86.Build.0 = Debug|Win32
		{7FC6911F-28BC-440F-BC8E-9EA5AF380EF2}.Release|x64.ActiveCfg = Release|x64
		{7FC6911F-28BC-440F-BC8E-9EA5AF380EF2}.Release|x64.Build.0 = Release|x64
		{7FC6911F-28BC-440F-BC8E-9EA5AF380EF2}.Release|x86.ActiveCfg = Release|Win32
		{7FC6911F-28BC-440F-BC8E-9EA5AF380EF2}.Release|x86.Build.0 = Release|Win32
		{88C66D33-146A-4D94-B1DA-F0852041D3AA}.Debug|x64.ActiveCfg = Debug|x64
		{88C66D33-146A-4D94-B1DA-F0852041D3AA}.Debug|x64.Build.0 = Debug|x64
		{88C66D33-146A-4D94-B1DA-F0852041D3AA}.Debug|x86.ActiveCfg = Debug|Win32
		{88C66D33-146A-4D94-B1DA-F0852041D3AA}.Debug|x86.Build.0 = Debug|Win32
		{88C66D33-146A-4D94-B1DA-F0852041D3AA}.Release|x64.ActiveCfg = Release|x64
		{88C66D33-146A-4D94-B1DA-F0852041D3AA}.Release|x64.Build.0 = Release|x64
		{88C66D33-146A-4D94-B1DA-F0852041D3AA}.Release|x86.ActiveCfg = Release|Win32
		{88C66D33-146A-4D94-B1DA-F0852041D3AA}.Release|x86.Build.0 = Release|Win32
		{29F96210-47F9-4E43-9569-011AE2F1ED94}.Debug|x64.ActiveCfg = Debug|x64
		{29F96210-47F9-4E43-9569-011AE2F1ED94}.Debug|x64.Build.0 = Debug|x64
		{29F96210-47F9-4E43-9569-011AE2F1ED94}.Debug|x86.ActiveCfg = Debug|Win32
		{29F96210-47F9-4E43-9569-011AE2F1ED94}.Debug|x86.Build.0 = Debug|Win32
		{29F96210-47F9-4E43-9569-011AE2F1ED94}.Release|x64.ActiveCfg = Release|x64
		{29F96210-47F9-4E43-9569-011AE2F1ED94}.Release|x64.Build.0 = Release|x64
		{29F96210-47F9-4E43-9569-011AE2F1ED94}.Release|x86.ActiveCfg = Release|Win32
		{29F96210-47F9-4E43-9569-011AE2F1ED94}.Release|x86.Build.0 = Release|Win32
		{22FE9469-86FB-4A08-B6AA-CB1AC0F24DB0}.Debug|x64.ActiveCfg = Debug|x64
		{22FE9469-86FB-4A08-B6AA-CB1AC0F24DB0}.Debug|x64.Build.0 = Debug|x64
		{22FE9469-86FB-4A08-B6AA-CB1AC0F24DB0}.Debug|x86.ActiveCfg = Debug|Win32
		{22FE9469-86FB-4A08-B6AA-CB1AC0F24DB0}.Debug|x86.Build.0 = Debug|Win32
		{22FE9469-86FB-4A08-B6AA-CB1AC0F24DB0}.Release|x64.ActiveCfg = Release|x64
		{22FE9469-86FB-4A08-B6AA-CB1AC0F24DB0}.Release|x64.Build.0 = Release|x64
		{22FE9469-86FB-4A08-B6AA-CB1AC0F24DB0}.Release|x86.ActiveCfg = Release|Win32
		{22FE9469-86FB-4A08-B6AA-CB1AC0F24DB0}.Release|x86.Build.0 = Release|Win32
		{C4F01E74-2ACA-4C1C-A8FE-6138987B8023}.Debug|x64.ActiveCfg = Debug|x64
		{C4F01E74-2ACA-4C1C-A8FE-6138987B8023}.Debug|x64.Build.0 = Debug|x64
		{C4F01E74-2ACA-4C1C-A8FE-6138987B8023}.Debug|x86.ActiveCfg = Debug|Win32
		{C4F01E74-2ACA-4C1C-A8FE-6138987B8023}.Debug|x86.Build.0 = Debug|Win32
		{C4F01E74-2ACA-4C1C-A8FE-6138987B8023}.Release|x64.ActiveCfg = Release|x64
		{C4F01E74-2ACA-4C1C-A8FE-6138987B8023}.Release|x64.Build.0 = Release|x64
		{C4F01E74-2ACA-4C1C-A8FE-6138987B8023}.Release|x86.ActiveCfg = Release|Win32
		{C4F01E74-2ACA-4C1C-A8FE-6138987B8023}.Release|x86.Build.0 = Release|Win32
		{3B449D32-A6EB-4A22-8C9E-887381C0B6E2}.Debug|x64.ActiveCfg = Debug|x64
		{3B449D32-A6EB-4A22-8C9E-887381C0B6E2}.Debug|x64.Build.0 = Debug|x64
		{3B449D32-A6EB-4A22-8C9E-887381C0B6E2}.Debug|x86.ActiveCfg = Debug|Win32
		{3B449D32-A6EB-4A22-8C9E-887381C0B6E2}.Debug|x86.Build.0 = Debug|Win32
		{3B449D32-A6EB-4A22-8C9E-887381C0B6E2}.Release|x64.ActiveCfg = Release|x64
		{3B449D32-A6EB-4A22-8C9E-887381C0B6E2}.Release|x64.Build.0 = Release|x64
		{3B449D32-A6EB-4A22-8C9E-887381C0B6E2}.Release|x86.ActiveCfg = Release|Win32
		{3B449D32-A6EB-4A22-8C9E-887381C0B6E2}.Release|x86.Build.0 = Release|Win32
		{D16CDB86-4907-4A81-835F-4CA0E565BD01}.Debug|x64.ActiveCfg = Debug|x64
		{D16CDB86-4907-4A81-835F-4CA0E565BD01}.Debug|x64.Build.0 = Debug|x64
		{D16CDB86-4907-4A81-835F-4CA0E565BD01}.Debug|x86.ActiveCfg = Debug|Win32
		{D16CDB86-4907-4A81-835F-4CA0E565BD01}.Debug|x86.Build.0 = Debug|Win32
		{D16CDB86-4907-4A81-835F-4CA0E565BD01}.Release|x64.ActiveCfg = Release|x64
		{D16CDB86-4907-4A81-835F-4CA0E565BD01}.Release|x64.Build.0 = Release|x64
		{D16CDB86-4907-4A81-835F-4CA0E565BD01}.Release|x86.ActiveCfg = Release|Win32
		{D16CDB86-4907-4A81-835F-4CA0E565BD01}.Release|x86.Build.0 = Release|Win32
	EndGlobalSection
	GlobalSection(SolutionProperties) = preSolution
		HideSolutionNode = FALSE
	EndGlobalSection
	GlobalSection(ExtensibilityGlobals) = postSolution
		SolutionGuid = {A9F6241A-3986-440B-922B-1D0358B238A4}
	EndGlobalSection
EndGlobal
