
Microsoft Visual Studio Solution File, Format Version 12.00
# Visual Studio Version 17
VisualStudioVersion = 17.2.32630.192
MinimumVisualStudioVersion = 10.0.40219.1
Project("{8BC9CEB8-8B4A-11D0-8D11-00A0C91BC942}") = "EXAMPLE1", "EXAMPLE1\EXAMPLE1.vcxproj", "{807A82D4-6FCA-4745-B362-D141CA93464F}"
EndProject
Project("{8BC9CEB8-8B4A-11D0-8D11-00A0C91BC942}") = "EXAMPLE2", "EXAMPLE2\EXAMPLE2.vcxproj", "{A9C1FA2A-8692-476A-8508-FD358A61DF02}"
EndProject
Project("{8BC9CEB8-8B4A-11D0-8D11-00A0C91BC942}") = "EXAMPLE3", "EXAMPLE3\EXAMPLE3.vcxproj", "{76AB92C9-4A46-4750-98D3-1D17C7B7B405}"
EndProject
Project("{8BC9CEB8-8B4A-11D0-8D11-00A0C91BC942}") = "EXAMPLE4", "EXAMPLE4\EXAMPLE4.vcxproj", "{32EDAC8B-52C1-41E8-8033-408BC63AC45D}"
EndProject
Project("{8BC9CEB8-8B4A-11D0-8D11-00A0C91BC942}") = "EXAMPLE5", "EXAMPLE5\EXAMPLE5.vcxproj", "{4B706A1A-224D-4FDE-BB62-EBC114FF3F31}"
EndProject
Project("{8BC9CEB8-8B4A-11D0-8D11-00A0C91BC942}") = "EXAMPLE6", "EXAMPLE6\EXAMPLE6.vcxproj", "{84135222-0C3D-4B79-A3B3-77768ABE7443}"
EndProject
Project("{8BC9CEB8-8B4A-11D0-8D11-00A0C91BC942}") = "EXAMPLE7", "EXAMPLE7\EXAMPLE7.vcxproj", "{07202B33-BDBC-4A9F-B023-45C33DDC794B}"
EndProject
Project("{8BC9CEB8-8B4A-11D0-8D11-00A0C91BC942}") = "EXAMPLE8", "EXAMPLE8\EXAMPLE8.vcxproj", "{1E4EDF58-D63F-42A1-B232-5D880D052B69}"
EndProject
Project("{8BC9CEB8-8B4A-11D0-8D11-00A0C91BC942}") = "EXAMPLE9", "EXAMPLE9\EXAMPLE9.vcxproj", "{ED0CA9D9-E01B-42CE-9ACD-6974E77240EF}"
EndProject
Project("{8BC9CEB8-8B4A-11D0-8D11-00A0C91BC942}") = "EXAMPLE10", "EXAMPLE10\EXAMPLE10.vcxproj", "{394078EE-680E-47F6-B9A8-56FAF9D294CA}"
EndProject
Project("{8BC9CEB8-8B4A-11D0-8D11-00A0C91BC942}") = "EXAMPLE11", "EXAMPLE11\EXAMPLE11.vcxproj", "{27FE2801-2315-4928-ABA4-0CE19D33B024}"
EndProject
Project("{8BC9CEB8-8B4A-11D0-8D11-00A0C91BC942}") = "EXAMPLE12", "EXAMPLE12\EXAMPLE12.vcxproj", "{72624768-3D19-4667-9428-7266930F0479}"
EndProject
Project("{8BC9CEB8-8B4A-11D0-8D11-00A0C91BC942}") = "EXAMPLE13", "EXAMPLE13\EXAMPLE13.vcxproj", "{EE2E925E-2A84-4FB2-ABEA-06B2AA9C39F1}"
EndProject
Project("{8BC9CEB8-8B4A-11D0-8D11-00A0C91BC942}") = "EXAMPLE14", "EXAMPLE14\EXAMPLE14.vcxproj", "{D231ED3B-EFC7-469C-97B0-D3C3A32E6333}"
EndProject
Project("{8BC9CEB8-8B4A-11D0-8D11-00A0C91BC942}") = "EXAMPLE15", "EXAMPLE15\EXAMPLE15.vcxproj", "{6A15CE50-2657-4345-8DFE-ECE1F1F140A7}"
EndProject
Project("{8BC9CEB8-8B4A-11D0-8D11-00A0C91BC942}") = "EXAMPLE16", "EXAMPLE16\EXAMPLE16.vcxproj", "{32402A28-8D5B-4CD5-B5AD-0F5442ACDF2D}"
EndProject
Project("{8BC9CEB8-8B4A-11D0-8D11-00A0C91BC942}") = "EXAMPLE17", "EXAMPLE17\EXAMPLE17.vcxproj", "{F98E46BD-B387-4468-A16D-71A38C648CCF}"
EndProject
Project("{8BC9CEB8-8B4A-11D0-8D11-00A0C91BC942}") = "EXAMPLE18", "EXAMPLE18\EXAMPLE18.vcxproj", "{6EDE6A3A-6D0A-46D7-A8E8-7622A1CEFC8F}"
EndProject
Project("{8BC9CEB8-8B4A-11D0-8D11-00A0C91BC942}") = "EXAMPLE19", "EXAMPLE19\EXAMPLE19.vcxproj", "{E1ED4B09-E99D-4286-BE25-5ECBF0EA3002}"
EndProject
Project("{8BC9CEB8-8B4A-11D0-8D11-00A0C91BC942}") = "EXAMPLE20", "EXAMPLE20\EXAMPLE20.vcxproj", "{6745DF0F-0F77-4E04-9C18-7F2FAA480C04}"
EndProject
Project("{8BC9CEB8-8B4A-11D0-8D11-00A0C91BC942}") = "EXAMPLE21", "EXAMPLE21\EXAMPLE21.vcxproj", "{5AFF5E4E-21C1-4FFF-818A-10077EC62662}"
EndProject
Project("{8BC9CEB8-8B4A-11D0-8D11-00A0C91BC942}") = "EXAMPLE22", "EXAMPLE22\EXAMPLE22.vcxproj", "{9DF0FC77-6D15-4581-ABA9-10025BE072F3}"
EndProject
Project("{8BC9CEB8-8B4A-11D0-8D11-00A0C91BC942}") = "EXAMPLE23", "EXAMPLE23\EXAMPLE23.vcxproj", "{D730C0F3-DC5D-4578-9F69-13934B7FC910}"
EndProject
Project("{8BC9CEB8-8B4A-11D0-8D11-00A0C91BC942}") = "EXAMPLE24", "EXAMPLE24\EXAMPLE24.vcxproj", "{0D6CBED4-4216-4A11-ADA0-DBADA3089411}"
EndProject
Project("{8BC9CEB8-8B4A-11D0-8D11-00A0C91BC942}") = "EXAMPLE25", "EXAMPLE25\EXAMPLE25.vcxproj", "{932E5A96-589C-4F51-9277-096D2314D88F}"
EndProject
Project("{8BC9CEB8-8B4A-11D0-8D11-00A0C91BC942}") = "EXAMPLE26", "EXAMPLE26\EXAMPLE26.vcxproj", "{63F354E9-E7D8-4F8B-AF14-A57129662A01}"
EndProject
Project("{8BC9CEB8-8B4A-11D0-8D11-00A0C91BC942}") = "EXAMPLE27", "EXAMPLE27\EXAMPLE27.vcxproj", "{A6F18046-3240-488A-B7E1-6ACE1BEB4EAA}"
EndProject
Project("{8BC9CEB8-8B4A-11D0-8D11-00A0C91BC942}") = "EXAMPLE28", "EXAMPLE28\EXAMPLE28.vcxproj", "{106B77EB-0422-42D6-9DD1-8A7CA7EB5673}"
EndProject
Project("{8BC9CEB8-8B4A-11D0-8D11-00A0C91BC942}") = "EXAMPLE29", "EXAMPLE29\EXAMPLE29.vcxproj", "{DE8B0187-9168-458B-83ED-A86D0D4CAF6D}"
EndProject
Global
	GlobalSection(SolutionConfigurationPlatforms) = preSolution
		Debug|x64 = Debug|x64
		Debug|x86 = Debug|x86
		Release|x64 = Release|x64
		Release|x86 = Release|x86
	EndGlobalSection
	GlobalSection(ProjectConfigurationPlatforms) = postSolution
		{807A82D4-6FCA-4745-B362-D141CA93464F}.Debug|x64.ActiveCfg = Debug|x64
		{807A82D4-6FCA-4745-B362-D141CA93464F}.Debug|x64.Build.0 = Debug|x64
		{807A82D4-6FCA-4745-B362-D141CA93464F}.Debug|x86.ActiveCfg = Debug|Win32
		{807A82D4-6FCA-4745-B362-D141CA93464F}.Debug|x86.Build.0 = Debug|Win32
		{807A82D4-6FCA-4745-B362-D141CA93464F}.Release|x64.ActiveCfg = Release|x64
		{807A82D4-6FCA-4745-B362-D141CA93464F}.Release|x64.Build.0 = Release|x64
		{807A82D4-6FCA-4745-B362-D141CA93464F}.Release|x86.ActiveCfg = Release|Win32
		{807A82D4-6FCA-4745-B362-D141CA93464F}.Release|x86.Build.0 = Release|Win32
		{A9C1FA2A-8692-476A-8508-FD358A61DF02}.Debug|x64.ActiveCfg = Debug|x64
		{A9C1FA2A-8692-476A-8508-FD358A61DF02}.Debug|x64.Build.0 = Debug|x64
		{A9C1FA2A-8692-476A-8508-FD358A61DF02}.Debug|x86.ActiveCfg = Debug|Win32
		{A9C1FA2A-8692-476A-8508-FD358A61DF02}.Debug|x86.Build.0 = Debug|Win32
		{A9C1FA2A-8692-476A-8508-FD358A61DF02}.Release|x64.ActiveCfg = Release|x64
		{A9C1FA2A-8692-476A-8508-FD358A61DF02}.Release|x64.Build.0 = Release|x64
		{A9C1FA2A-8692-476A-8508-FD358A61DF02}.Release|x86.ActiveCfg = Release|Win32
		{A9C1FA2A-8692-476A-8508-FD358A61DF02}.Release|x86.Build.0 = Release|Win32
		{76AB92C9-4A46-4750-98D3-1D17C7B7B405}.Debug|x64.ActiveCfg = Debug|x64
		{76AB92C9-4A46-4750-98D3-1D17C7B7B405}.Debug|x64.Build.0 = Debug|x64
		{76AB92C9-4A46-4750-98D3-1D17C7B7B405}.Debug|x86.ActiveCfg = Debug|Win32
		{76AB92C9-4A46-4750-98D3-1D17C7B7B405}.Debug|x86.Build.0 = Debug|Win32
		{76AB92C9-4A46-4750-98D3-1D17C7B7B405}.Release|x64.ActiveCfg = Release|x64
		{76AB92C9-4A46-4750-98D3-1D17C7B7B405}.Release|x64.Build.0 = Release|x64
		{76AB92C9-4A46-4750-98D3-1D17C7B7B405}.Release|x86.ActiveCfg = Release|Win32
		{76AB92C9-4A46-4750-98D3-1D17C7B7B405}.Release|x86.Build.0 = Release|Win32
		{32EDAC8B-52C1-41E8-8033-408BC63AC45D}.Debug|x64.ActiveCfg = Debug|x64
		{32EDAC8B-52C1-41E8-8033-408BC63AC45D}.Debug|x64.Build.0 = Debug|x64
		{32EDAC8B-52C1-41E8-8033-408BC63AC45D}.Debug|x86.ActiveCfg = Debug|Win32
		{32EDAC8B-52C1-41E8-8033-408BC63AC45D}.Debug|x86.Build.0 = Debug|Win32
		{32EDAC8B-52C1-41E8-8033-408BC63AC45D}.Release|x64.ActiveCfg = Release|x64
		{32EDAC8B-52C1-41E8-8033-408BC63AC45D}.Release|x64.Build.0 = Release|x64
		{32EDAC8B-52C1-41E8-8033-408BC63AC45D}.Release|x86.ActiveCfg = Release|Win32
		{32EDAC8B-52C1-41E8-8033-408BC63AC45D}.Release|x86.Build.0 = Release|Win32
		{4B706A1A-224D-4FDE-BB62-EBC114FF3F31}.Debug|x64.ActiveCfg = Debug|x64
		{4B706A1A-224D-4FDE-BB62-EBC114FF3F31}.Debug|x64.Build.0 = Debug|x64
		{4B706A1A-224D-4FDE-BB62-EBC114FF3F31}.Debug|x86.ActiveCfg = Debug|Win32
		{4B706A1A-224D-4FDE-BB62-EBC114FF3F31}.Debug|x86.Build.0 = Debug|Win32
		{4B706A1A-224D-4FDE-BB62-EBC114FF3F31}.Release|x64.ActiveCfg = Release|x64
		{4B706A1A-224D-4FDE-BB62-EBC114FF3F31}.Release|x64.Build.0 = Release|x64
		{4B706A1A-224D-4FDE-BB62-EBC114FF3F31}.Release|x86.ActiveCfg = Release|Win32
		{4B706A1A-224D-4FDE-BB62-EBC114FF3F31}.Release|x86.Build.0 = Release|Win32
		{84135222-0C3D-4B79-A3B3-77768ABE7443}.Debug|x64.ActiveCfg = Debug|x64
		{84135222-0C3D-4B79-A3B3-77768ABE7443}.Debug|x64.Build.0 = Debug|x64
		{84135222-0C3D-4B79-A3B3-77768ABE7443}.Debug|x86.ActiveCfg = Debug|Win32
		{84135222-0C3D-4B79-A3B3-77768ABE7443}.Debug|x86.Build.0 = Debug|Win32
		{84135222-0C3D-4B79-A3B3-77768ABE7443}.Release|x64.ActiveCfg = Release|x64
		{84135222-0C3D-4B79-A3B3-77768ABE7443}.Release|x64.Build.0 = Release|x64
		{84135222-0C3D-4B79-A3B3-77768ABE7443}.Release|x86.ActiveCfg = Release|Win32
		{84135222-0C3D-4B79-A3B3-77768ABE7443}.Release|x86.Build.0 = Release|Win32
		{07202B33-BDBC-4A9F-B023-45C33DDC794B}.Debug|x64.ActiveCfg = Debug|x64
		{07202B33-BDBC-4A9F-B023-45C33DDC794B}.Debug|x64.Build.0 = Debug|x64
		{07202B33-BDBC-4A9F-B023-45C33DDC794B}.Debug|x86.ActiveCfg = Debug|Win32
		{07202B33-BDBC-4A9F-B023-45C33DDC794B}.Debug|x86.Build.0 = Debug|Win32
		{07202B33-BDBC-4A9F-B023-45C33DDC794B}.Release|x64.ActiveCfg = Release|x64
		{07202B33-BDBC-4A9F-B023-45C33DDC794B}.Release|x64.Build.0 = Release|x64
		{07202B33-BDBC-4A9F-B023-45C33DDC794B}.Release|x86.ActiveCfg = Release|Win32
		{07202B33-BDBC-4A9F-B023-45C33DDC794B}.Release|x86.Build.0 = Release|Win32
		{1E4EDF58-D63F-42A1-B232-5D880D052B69}.Debug|x64.ActiveCfg = Debug|x64
		{1E4EDF58-D63F-42A1-B232-5D880D052B69}.Debug|x64.Build.0 = Debug|x64
		{1E4EDF58-D63F-42A1-B232-5D880D052B69}.Debug|x86.ActiveCfg = Debug|Win32
		{1E4EDF58-D63F-42A1-B232-5D880D052B69}.Debug|x86.Build.0 = Debug|Win32
		{1E4EDF58-D63F-42A1-B232-5D880D052B69}.Release|x64.ActiveCfg = Release|x64
		{1E4EDF58-D63F-42A1-B232-5D880D052B69}.Release|x64.Build.0 = Release|x64
		{1E4EDF58-D63F-42A1-B232-5D880D052B69}.Release|x86.ActiveCfg = Release|Win32
		{1E4EDF58-D63F-42A1-B232-5D880D052B69}.Release|x86.Build.0 = Release|Win32
		{ED0CA9D9-E01B-42CE-9ACD-6974E77240EF}.Debug|x64.ActiveCfg = Debug|x64
		{ED0CA9D9-E01B-42CE-9ACD-6974E77240EF}.Debug|x64.Build.0 = Debug|x64
		{ED0CA9D9-E01B-42CE-9ACD-6974E77240EF}.Debug|x86.ActiveCfg = Debug|Win32
		{ED0CA9D9-E01B-42CE-9ACD-6974E77240EF}.Debug|x86.Build.0 = Debug|Win32
		{ED0CA9D9-E01B-42CE-9ACD-6974E77240EF}.Release|x64.ActiveCfg = Release|x64
		{ED0CA9D9-E01B-42CE-9ACD-6974E77240EF}.Release|x64.Build.0 = Release|x64
		{ED0CA9D9-E01B-42CE-9ACD-6974E77240EF}.Release|x86.ActiveCfg = Release|Win32
		{ED0CA9D9-E01B-42CE-9ACD-6974E77240EF}.Release|x86.Build.0 = Release|Win32
		{394078EE-680E-47F6-B9A8-56FAF9D294CA}.Debug|x64.ActiveCfg = Debug|x64
		{394078EE-680E-47F6-B9A8-56FAF9D294CA}.Debug|x64.Build.0 = Debug|x64
		{394078EE-680E-47F6-B9A8-56FAF9D294CA}.Debug|x86.ActiveCfg = Debug|Win32
		{394078EE-680E-47F6-B9A8-56FAF9D294CA}.Debug|x86.Build.0 = Debug|Win32
		{394078EE-680E-47F6-B9A8-56FAF9D294CA}.Release|x64.ActiveCfg = Release|x64
		{394078EE-680E-47F6-B9A8-56FAF9D294CA}.Release|x64.Build.0 = Release|x64
		{394078EE-680E-47F6-B9A8-56FAF9D294CA}.Release|x86.ActiveCfg = Release|Win32
		{394078EE-680E-47F6-B9A8-56FAF9D294CA}.Release|x86.Build.0 = Release|Win32
		{27FE2801-2315-4928-ABA4-0CE19D33B024}.Debug|x64.ActiveCfg = Debug|x64
		{27FE2801-2315-4928-ABA4-0CE19D33B024}.Debug|x64.Build.0 = Debug|x64
		{27FE2801-2315-4928-ABA4-0CE19D33B024}.Debug|x86.ActiveCfg = Debug|Win32
		{27FE2801-2315-4928-ABA4-0CE19D33B024}.Debug|x86.Build.0 = Debug|Win32
		{27FE2801-2315-4928-ABA4-0CE19D33B024}.Release|x64.ActiveCfg = Release|x64
		{27FE2801-2315-4928-ABA4-0CE19D33B024}.Release|x64.Build.0 = Release|x64
		{27FE2801-2315-4928-ABA4-0CE19D33B024}.Release|x86.ActiveCfg = Release|Win32
		{27FE2801-2315-4928-ABA4-0CE19D33B024}.Release|x86.Build.0 = Release|Win32
		{72624768-3D19-4667-9428-7266930F0479}.Debug|x64.ActiveCfg = Debug|x64
		{72624768-3D19-4667-9428-7266930F0479}.Debug|x64.Build.0 = Debug|x64
		{72624768-3D19-4667-9428-7266930F0479}.Debug|x86.ActiveCfg = Debug|Win32
		{72624768-3D19-4667-9428-7266930F0479}.Debug|x86.Build.0 = Debug|Win32
		{72624768-3D19-4667-9428-7266930F0479}.Release|x64.ActiveCfg = Release|x64
		{72624768-3D19-4667-9428-7266930F0479}.Release|x64.Build.0 = Release|x64
		{72624768-3D19-4667-9428-7266930F0479}.Release|x86.ActiveCfg = Release|Win32
		{72624768-3D19-4667-9428-7266930F0479}.Release|x86.Build.0 = Release|Win32
		{EE2E925E-2A84-4FB2-ABEA-06B2AA9C39F1}.Debug|x64.ActiveCfg = Debug|x64
		{EE2E925E-2A84-4FB2-ABEA-06B2AA9C39F1}.Debug|x64.Build.0 = Debug|x64
		{EE2E925E-2A84-4FB2-ABEA-06B2AA9C39F1}.Debug|x86.ActiveCfg = Debug|Win32
		{EE2E925E-2A84-4FB2-ABEA-06B2AA9C39F1}.Debug|x86.Build.0 = Debug|Win32
		{EE2E925E-2A84-4FB2-ABEA-06B2AA9C39F1}.Release|x64.ActiveCfg = Release|x64
		{EE2E925E-2A84-4FB2-ABEA-06B2AA9C39F1}.Release|x64.Build.0 = Release|x64
		{EE2E925E-2A84-4FB2-ABEA-06B2AA9C39F1}.Release|x86.ActiveCfg = Release|Win32
		{EE2E925E-2A84-4FB2-ABEA-06B2AA9C39F1}.Release|x86.Build.0 = Release|Win32
		{D231ED3B-EFC7-469C-97B0-D3C3A32E6333}.Debug|x64.ActiveCfg = Debug|x64
		{D231ED3B-EFC7-469C-97B0-D3C3A32E6333}.Debug|x64.Build.0 = Debug|x64
		{D231ED3B-EFC7-469C-97B0-D3C3A32E6333}.Debug|x86.ActiveCfg = Debug|Win32
		{D231ED3B-EFC7-469C-97B0-D3C3A32E6333}.Debug|x86.Build.0 = Debug|Win32
		{D231ED3B-EFC7-469C-97B0-D3C3A32E6333}.Release|x64.ActiveCfg = Release|x64
		{D231ED3B-EFC7-469C-97B0-D3C3A32E6333}.Release|x64.Build.0 = Release|x64
		{D231ED3B-EFC7-469C-97B0-D3C3A32E6333}.Release|x86.ActiveCfg = Release|Win32
		{D231ED3B-EFC7-469C-97B0-D3C3A32E6333}.Release|x86.Build.0 = Release|Win32
		{6A15CE50-2657-4345-8DFE-ECE1F1F140A7}.Debug|x64.ActiveCfg = Debug|x64
		{6A15CE50-2657-4345-8DFE-ECE1F1F140A7}.Debug|x64.Build.0 = Debug|x64
		{6A15CE50-2657-4345-8DFE-ECE1F1F140A7}.Debug|x86.ActiveCfg = Debug|Win32
		{6A15CE50-2657-4345-8DFE-ECE1F1F140A7}.Debug|x86.Build.0 = Debug|Win32
		{6A15CE50-2657-4345-8DFE-ECE1F1F140A7}.Release|x64.ActiveCfg = Release|x64
		{6A15CE50-2657-4345-8DFE-ECE1F1F140A7}.Release|x64.Build.0 = Release|x64
		{6A15CE50-2657-4345-8DFE-ECE1F1F140A7}.Release|x86.ActiveCfg = Release|Win32
		{6A15CE50-2657-4345-8DFE-ECE1F1F140A7}.Release|x86.Build.0 = Release|Win32
		{32402A28-8D5B-4CD5-B5AD-0F5442ACDF2D}.Debug|x64.ActiveCfg = Debug|x64
		{32402A28-8D5B-4CD5-B5AD-0F5442ACDF2D}.Debug|x64.Build.0 = Debug|x64
		{32402A28-8D5B-4CD5-B5AD-0F5442ACDF2D}.Debug|x86.ActiveCfg = Debug|Win32
		{32402A28-8D5B-4CD5-B5AD-0F5442ACDF2D}.Debug|x86.Build.0 = Debug|Win32
		{32402A28-8D5B-4CD5-B5AD-0F5442ACDF2D}.Release|x64.ActiveCfg = Release|x64
		{32402A28-8D5B-4CD5-B5AD-0F5442ACDF2D}.Release|x64.Build.0 = Release|x64
		{32402A28-8D5B-4CD5-B5AD-0F5442ACDF2D}.Release|x86.ActiveCfg = Release|Win32
		{32402A28-8D5B-4CD5-B5AD-0F5442ACDF2D}.Release|x86.Build.0 = Release|Win32
		{F98E46BD-B387-4468-A16D-71A38C648CCF}.Debug|x64.ActiveCfg = Debug|x64
		{F98E46BD-B387-4468-A16D-71A38C648CCF}.Debug|x64.Build.0 = Debug|x64
		{F98E46BD-B387-4468-A16D-71A38C648CCF}.Debug|x86.ActiveCfg = Debug|Win32
		{F98E46BD-B387-4468-A16D-71A38C648CCF}.Debug|x86.Build.0 = Debug|Win32
		{F98E46BD-B387-4468-A16D-71A38C648CCF}.Release|x64.ActiveCfg = Release|x64
		{F98E46BD-B387-4468-A16D-71A38C648CCF}.Release|x64.Build.0 = Release|x64
		{F98E46BD-B387-4468-A16D-71A38C648CCF}.Release|x86.ActiveCfg = Release|Win32
		{F98E46BD-B387-4468-A16D-71A38C648CCF}.Release|x86.Build.0 = Release|Win32
		{6EDE6A3A-6D0A-46D7-A8E8-7622A1CEFC8F}.Debug|x64.ActiveCfg = Debug|x64
		{6EDE6A3A-6D0A-46D7-A8E8-7622A1CEFC8F}.Debug|x64.Build.0 = Debug|x64
		{6EDE6A3A-6D0A-46D7-A8E8-7622A1CEFC8F}.Debug|x86.ActiveCfg = Debug|Win32
		{6EDE6A3A-6D0A-46D7-A8E8-7622A1CEFC8F}.Debug|x86.Build.0 = Debug|Win32
		{6EDE6A3A-6D0A-46D7-A8E8-7622A1CEFC8F}.Release|x64.ActiveCfg = Release|x64
		{6EDE6A3A-6D0A-46D7-A8E8-7622A1CEFC8F}.Release|x64.Build.0 = Release|x64
		{6EDE6A3A-6D0A-46D7-A8E8-7622A1CEFC8F}.Release|x86.ActiveCfg = Release|Win32
		{6EDE6A3A-6D0A-46D7-A8E8-7622A1CEFC8F}.Release|x86.Build.0 = Release|Win32
		{E1ED4B09-E99D-4286-BE25-5ECBF0EA3002}.Debug|x64.ActiveCfg = Debug|x64
		{E1ED4B09-E99D-4286-BE25-5ECBF0EA3002}.Debug|x64.Build.0 = Debug|x64
		{E1ED4B09-E99D-4286-BE25-5ECBF0EA3002}.Debug|x86.ActiveCfg = Debug|Win32
		{E1ED4B09-E99D-4286-BE25-5ECBF0EA3002}.Debug|x86.Build.0 = Debug|Win32
		{E1ED4B09-E99D-4286-BE25-5ECBF0EA3002}.Release|x64.ActiveCfg = Release|x64
		{E1ED4B09-E99D-4286-BE25-5ECBF0EA3002}.Release|x64.Build.0 = Release|x64
		{E1ED4B09-E99D-4286-BE25-5ECBF0EA3002}.Release|x86.ActiveCfg = Release|Win32
		{E1ED4B09-E99D-4286-BE25-5ECBF0EA3002}.Release|x86.Build.0 = Release|Win32
		{6745DF0F-0F77-4E04-9C18-7F2FAA480C04}.Debug|x64.ActiveCfg = Debug|x64
		{6745DF0F-0F77-4E04-9C18-7F2FAA480C04}.Debug|x64.Build.0 = Debug|x64
		{6745DF0F-0F77-4E04-9C18-7F2FAA480C04}.Debug|x86.ActiveCfg = Debug|Win32
		{6745DF0F-0F77-4E04-9C18-7F2FAA480C04}.Debug|x86.Build.0 = Debug|Win32
		{6745DF0F-0F77-4E04-9C18-7F2FAA480C04}.Release|x64.ActiveCfg = Release|x64
		{6745DF0F-0F77-4E04-9C18-7F2FAA480C04}.Release|x64.Build.0 = Release|x64
		{6745DF0F-0F77-4E04-9C18-7F2FAA480C04}.Release|x86.ActiveCfg = Release|Win32
		{6745DF0F-0F77-4E04-9C18-7F2FAA480C04}.Release|x86.Build.0 = Release|Win32
		{5AFF5E4E-21C1-4FFF-818A-10077EC62662}.Debug|x64.ActiveCfg = Debug|x64
		{5AFF5E4E-21C1-4FFF-818A-10077EC62662}.Debug|x64.Build.0 = Debug|x64
		{5AFF5E4E-21C1-4FFF-818A-10077EC62662}.Debug|x86.ActiveCfg = Debug|Win32
		{5AFF5E4E-21C1-4FFF-818A-10077EC62662}.Debug|x86.Build.0 = Debug|Win32
		{5AFF5E4E-21C1-4FFF-818A-10077EC62662}.Release|x64.ActiveCfg = Release|x64
		{5AFF5E4E-21C1-4FFF-818A-10077EC62662}.Release|x64.Build.0 = Release|x64
		{5AFF5E4E-21C1-4FFF-818A-10077EC62662}.Release|x86.ActiveCfg = Release|Win32
		{5AFF5E4E-21C1-4FFF-818A-10077EC62662}.Release|x86.Build.0 = Release|Win32
		{9DF0FC77-6D15-4581-ABA9-10025BE072F3}.Debug|x64.ActiveCfg = Debug|x64
		{9DF0FC77-6D15-4581-ABA9-10025BE072F3}.Debug|x64.Build.0 = Debug|x64
		{9DF0FC77-6D15-4581-ABA9-10025BE072F3}.Debug|x86.ActiveCfg = Debug|Win32
		{9DF0FC77-6D15-4581-ABA9-10025BE072F3}.Debug|x86.Build.0 = Debug|Win32
		{9DF0FC77-6D15-4581-ABA9-10025BE072F3}.Release|x64.ActiveCfg = Release|x64
		{9DF0FC77-6D15-4581-ABA9-10025BE072F3}.Release|x64.Build.0 = Release|x64
		{9DF0FC77-6D15-4581-ABA9-10025BE072F3}.Release|x86.ActiveCfg = Release|Win32
		{9DF0FC77-6D15-4581-ABA9-10025BE072F3}.Release|x86.Build.0 = Release|Win32
		{D730C0F3-DC5D-4578-9F69-13934B7FC910}.Debug|x64.ActiveCfg = Debug|x64
		{D730C0F3-DC5D-4578-9F69-13934B7FC910}.Debug|x64.Build.0 = Debug|x64
		{D730C0F3-DC5D-4578-9F69-13934B7FC910}.Debug|x86.ActiveCfg = Debug|Win32
		{D730C0F3-DC5D-4578-9F69-13934B7FC910}.Debug|x86.Build.0 = Debug|Win32
		{D730C0F3-DC5D-4578-9F69-13934B7FC910}.Release|x64.ActiveCfg = Release|x64
		{D730C0F3-DC5D-4578-9F69-13934B7FC910}.Release|x64.Build.0 = Release|x64
		{D730C0F3-DC5D-4578-9F69-13934B7FC910}.Release|x86.ActiveCfg = Release|Win32
		{D730C0F3-DC5D-4578-9F69-13934B7FC910}.Release|x86.Build.0 = Release|Win32
		{0D6CBED4-4216-4A11-ADA0-DBADA3089411}.Debug|x64.ActiveCfg = Debug|x64
		{0D6CBED4-4216-4A11-ADA0-DBADA3089411}.Debug|x64.Build.0 = Debug|x64
		{0D6CBED4-4216-4A11-ADA0-DBADA3089411}.Debug|x86.ActiveCfg = Debug|Win32
		{0D6CBED4-4216-4A11-ADA0-DBADA3089411}.Debug|x86.Build.0 = Debug|Win32
		{0D6CBED4-4216-4A11-ADA0-DBADA3089411}.Release|x64.ActiveCfg = Release|x64
		{0D6CBED4-4216-4A11-ADA0-DBADA3089411}.Release|x64.Build.0 = Release|x64
		{0D6CBED4-4216-4A11-ADA0-DBADA3089411}.Release|x86.ActiveCfg = Release|Win32
		{0D6CBED4-4216-4A11-ADA0-DBADA3089411}.Release|x86.Build.0 = Release|Win32
		{932E5A96-589C-4F51-9277-096D2314D88F}.Debug|x64.ActiveCfg = Debug|x64
		{932E5A96-589C-4F51-9277-096D2314D88F}.Debug|x64.Build.0 = Debug|x64
		{932E5A96-589C-4F51-9277-096D2314D88F}.Debug|x86.ActiveCfg = Debug|Win32
		{932E5A96-589C-4F51-9277-096D2314D88F}.Debug|x86.Build.0 = Debug|Win32
		{932E5A96-589C-4F51-9277-096D2314D88F}.Release|x64.ActiveCfg = Release|x64
		{932E5A96-589C-4F51-9277-096D2314D88F}.Release|x64.Build.0 = Release|x64
		{932E5A96-589C-4F51-9277-096D2314D88F}.Release|x86.ActiveCfg = Release|Win32
		{932E5A96-589C-4F51-9277-096D2314D88F}.Release|x86.Build.0 = Release|Win32
		{63F354E9-E7D8-4F8B-AF14-A57129662A01}.Debug|x64.ActiveCfg = Debug|x64
		{63F354E9-E7D8-4F8B-AF14-A57129662A01}.Debug|x64.Build.0 = Debug|x64
		{63F354E9-E7D8-4F8B-AF14-A57129662A01}.Debug|x86.ActiveCfg = Debug|Win32
		{63F354E9-E7D8-4F8B-AF14-A57129662A01}.Debug|x86.Build.0 = Debug|Win32
		{63F354E9-E7D8-4F8B-AF14-A57129662A01}.Release|x64.ActiveCfg = Release|x64
		{63F354E9-E7D8-4F8B-AF14-A57129662A01}.Release|x64.Build.0 = Release|x64
		{63F354E9-E7D8-4F8B-AF14-A57129662A01}.Release|x86.ActiveCfg = Release|Win32
		{63F354E9-E7D8-4F8B-AF14-A57129662A01}.Release|x86.Build.0 = Release|Win32
		{A6F18046-3240-488A-B7E1-6ACE1BEB4EAA}.Debug|x64.ActiveCfg = Debug|x64
		{A6F18046-3240-488A-B7E1-6ACE1BEB4EAA}.Debug|x64.Build.0 = Debug|x64
		{A6F18046-3240-488A-B7E1-6ACE1BEB4EAA}.Debug|x86.ActiveCfg = Debug|Win32
		{A6F18046-3240-488A-B7E1-6ACE1BEB4EAA}.Debug|x86.Build.0 = Debug|Win32
		{A6F18046-3240-488A-B7E1-6ACE1BEB4EAA}.Release|x64.ActiveCfg = Release|x64
		{A6F18046-3240-488A-B7E1-6ACE1BEB4EAA}.Release|x64.Build.0 = Release|x64
		{A6F18046-3240-488A-B7E1-6ACE1BEB4EAA}.Release|x86.ActiveCfg = Release|Win32
		{A6F18046-3240-488A-B7E1-6ACE1BEB4EAA}.Release|x86.Build.0 = Release|Win32
		{106B77EB-0422-42D6-9DD1-8A7CA7EB5673}.Debug|x64.ActiveCfg = Debug|x64
		{106B77EB-0422-42D6-9DD1-8A7CA7EB5673}.Debug|x64.Build.0 = Debug|x64
		{106B77EB-0422-42D6-9DD1-8A7CA7EB5673}.Debug|x86.ActiveCfg = Debug|Win32
		{106B77EB-0422-42D6-9DD1-8A7CA7EB5673}.Debug|x86.Build.0 = Debug|Win32
		{106B77EB-0422-42D6-9DD1-8A7CA7EB5673}.Release|x64.ActiveCfg = Release|x64
		{106B77EB-0422-42D6-9DD1-8A7CA7EB5673}.Release|x64.Build.0 = Release|x64
		{106B77EB-0422-42D6-9DD1-8A7CA7EB5673}.Release|x86.ActiveCfg = Release|Win32
		{106B77EB-0422-42D6-9DD1-8A7CA7EB5673}.Release|x86.Build.0 = Release|Win32
		{DE8B0187-9168-458B-83ED-A86D0D4CAF6D}.Debug|x64.ActiveCfg = Debug|x64
		{DE8B0187-9168-458B-83ED-A86D0D4CAF6D}.Debug|x64.Build.0 = Debug|x64
		{DE8B0187-9168-458B-83ED-A86D0D4CAF6D}.Debug|x86.ActiveCfg = Debug|Win32
		{DE8B0187-9168-458B-83ED-A86D0D4CAF6D}.Debug|x86.Build.0 = Debug|Win32
		{DE8B0187-9168-458B-83ED-A86D0D4CAF6D}.Release|x64.ActiveCfg = Release|x64
		{DE8B0187-9168-458B-83ED-A86D0D4CAF6D}.Release|x64.Build.0 = Release|x64
		{DE8B0187-9168-458B-83ED-A86D0D4CAF6D}.Release|x86.ActiveCfg = Release|Win32
		{DE8B0187-9168-458B-83ED-A86D0D4CAF6D}.Release|x86.Build.0 = Release|Win32
	EndGlobalSection
	GlobalSection(SolutionProperties) = preSolution
		HideSolutionNode = FALSE
	EndGlobalSection
	GlobalSection(ExtensibilityGlobals) = postSolution
		SolutionGuid = {DD1D5E15-EF6B-465C-BBD4-57834EF833ED}
	EndGlobalSection
EndGlobal
