
Microsoft Visual Studio Solution File, Format Version 12.00
# Visual Studio Version 17
VisualStudioVersion = 17.2.32630.192
MinimumVisualStudioVersion = 10.0.40219.1
Project("{8BC9CEB8-8B4A-11D0-8D11-00A0C91BC942}") = "EXAMPLE1", "EXAMPLE1/EXAMPLE1.vcxproj", "{3A4669B9-BD70-4A65-A1D8-80B14DC268C2}"
EndProject
Project("{8BC9CEB8-8B4A-11D0-8D11-00A0C91BC942}") = "EXAMPLE2", "EXAMPLE2/EXAMPLE2.vcxproj", "{3A51CA81-27A7-4F9A-886D-3F32F91FBD92}"
EndProject
Project("{8BC9CEB8-8B4A-11D0-8D11-00A0C91BC942}") = "EXAMPLE3", "EXAMPLE3/EXAMPLE3.vcxproj", "{362C8B7F-4776-4062-8028-3B66420CFEFA}"
EndProject
Project("{8BC9CEB8-8B4A-11D0-8D11-00A0C91BC942}") = "EXAMPLE4", "EXAMPLE4/EXAMPLE4.vcxproj", "{CE0F9874-2BC4-4156-BA70-9913A14B1616}"
EndProject
Project("{8BC9CEB8-8B4A-11D0-8D11-00A0C91BC942}") = "EXAMPLE5", "EXAMPLE5/EXAMPLE5.vcxproj", "{6A99679E-9212-4256-8D1F-D1795D57605B}"
EndProject
Project("{8BC9CEB8-8B4A-11D0-8D11-00A0C91BC942}") = "EXAMPLE6", "EXAMPLE6/EXAMPLE6.vcxproj", "{0EE4C905-C272-4AF0-8260-0591CF770E0E}"
EndProject
Project("{8BC9CEB8-8B4A-11D0-8D11-00A0C91BC942}") = "EXAMPLE7", "EXAMPLE7/EXAMPLE7.vcxproj", "{551B9914-FF82-4908-8479-552DE5C747CC}"
EndProject
Project("{8BC9CEB8-8B4A-11D0-8D11-00A0C91BC942}") = "EXAMPLE8", "EXAMPLE8/EXAMPLE8.vcxproj", "{B3A5207A-1CA8-451D-B3F7-5B5032BD883A}"
EndProject
Project("{8BC9CEB8-8B4A-11D0-8D11-00A0C91BC942}") = "EXAMPLE9", "EXAMPLE9/EXAMPLE9.vcxproj", "{AC512DD4-1902-42D7-983A-B69D4A8A0F5E}"
EndProject
Project("{8BC9CEB8-8B4A-11D0-8D11-00A0C91BC942}") = "EXAMPLE10", "EXAMPLE10/EXAMPLE10.vcxproj", "{0017B8A1-7E2F-41BA-851B-27C1D7EEF3AE}"
EndProject
Project("{8BC9CEB8-8B4A-11D0-8D11-00A0C91BC942}") = "EXAMPLE11", "EXAMPLE11/EXAMPLE11.vcxproj", "{9F1DF320-8BD2-4497-9680-F8778D4505CC}"
EndProject
Project("{8BC9CEB8-8B4A-11D0-8D11-00A0C91BC942}") = "EXAMPLE12", "EXAMPLE12/EXAMPLE12.vcxproj", "{D92C21E0-52AE-4216-9C05-69686019DFBE}"
EndProject
Global
	GlobalSection(SolutionConfigurationPlatforms) = preSolution
		Debug|x64 = Debug|x64
		Debug|x86 = Debug|x86
		Release|x64 = Release|x64
		Release|x86 = Release|x86
	EndGlobalSection
	GlobalSection(ProjectConfigurationPlatforms) = postSolution
		{3A4669B9-BD70-4A65-A1D8-80B14DC268C2}.Debug|x64.ActiveCfg = Debug|x64
		{3A4669B9-BD70-4A65-A1D8-80B14DC268C2}.Debug|x64.Build.0 = Debug|x64
		{3A4669B9-BD70-4A65-A1D8-80B14DC268C2}.Debug|x86.ActiveCfg = Debug|Win32
		{3A4669B9-BD70-4A65-A1D8-80B14DC268C2}.Debug|x86.Build.0 = Debug|Win32
		{3A4669B9-BD70-4A65-A1D8-80B14DC268C2}.Release|x64.ActiveCfg = Release|x64
		{3A4669B9-BD70-4A65-A1D8-80B14DC268C2}.Release|x64.Build.0 = Release|x64
		{3A4669B9-BD70-4A65-A1D8-80B14DC268C2}.Release|x86.ActiveCfg = Release|Win32
		{3A4669B9-BD70-4A65-A1D8-80B14DC268C2}.Release|x86.Build.0 = Release|Win32
		{3A51CA81-27A7-4F9A-886D-3F32F91FBD92}.Debug|x64.ActiveCfg = Debug|x64
		{3A51CA81-27A7-4F9A-886D-3F32F91FBD92}.Debug|x64.Build.0 = Debug|x64
		{3A51CA81-27A7-4F9A-886D-3F32F91FBD92}.Debug|x86.ActiveCfg = Debug|Win32
		{3A51CA81-27A7-4F9A-886D-3F32F91FBD92}.Debug|x86.Build.0 = Debug|Win32
		{3A51CA81-27A7-4F9A-886D-3F32F91FBD92}.Release|x64.ActiveCfg = Release|x64
		{3A51CA81-27A7-4F9A-886D-3F32F91FBD92}.Release|x64.Build.0 = Release|x64
		{3A51CA81-27A7-4F9A-886D-3F32F91FBD92}.Release|x86.ActiveCfg = Release|Win32
		{3A51CA81-27A7-4F9A-886D-3F32F91FBD92}.Release|x86.Build.0 = Release|Win32
		{362C8B7F-4776-4062-8028-3B66420CFEFA}.Debug|x64.ActiveCfg = Debug|x64
		{362C8B7F-4776-4062-8028-3B66420CFEFA}.Debug|x64.Build.0 = Debug|x64
		{362C8B7F-4776-4062-8028-3B66420CFEFA}.Debug|x86.ActiveCfg = Debug|Win32
		{362C8B7F-4776-4062-8028-3B66420CFEFA}.Debug|x86.Build.0 = Debug|Win32
		{362C8B7F-4776-4062-8028-3B66420CFEFA}.Release|x64.ActiveCfg = Release|x64
		{362C8B7F-4776-4062-8028-3B66420CFEFA}.Release|x64.Build.0 = Release|x64
		{362C8B7F-4776-4062-8028-3B66420CFEFA}.Release|x86.ActiveCfg = Release|Win32
		{362C8B7F-4776-4062-8028-3B66420CFEFA}.Release|x86.Build.0 = Release|Win32
		{CE0F9874-2BC4-4156-BA70-9913A14B1616}.Debug|x64.ActiveCfg = Debug|x64
		{CE0F9874-2BC4-4156-BA70-9913A14B1616}.Debug|x64.Build.0 = Debug|x64
		{CE0F9874-2BC4-4156-BA70-9913A14B1616}.Debug|x86.ActiveCfg = Debug|Win32
		{CE0F9874-2BC4-4156-BA70-9913A14B1616}.Debug|x86.Build.0 = Debug|Win32
		{CE0F9874-2BC4-4156-BA70-9913A14B1616}.Release|x64.ActiveCfg = Release|x64
		{CE0F9874-2BC4-4156-BA70-9913A14B1616}.Release|x64.Build.0 = Release|x64
		{CE0F9874-2BC4-4156-BA70-9913A14B1616}.Release|x86.ActiveCfg = Release|Win32
		{CE0F9874-2BC4-4156-BA70-9913A14B1616}.Release|x86.Build.0 = Release|Win32
		{6A99679E-9212-4256-8D1F-D1795D57605B}.Debug|x64.ActiveCfg = Debug|x64
		{6A99679E-9212-4256-8D1F-D1795D57605B}.Debug|x64.Build.0 = Debug|x64
		{6A99679E-9212-4256-8D1F-D1795D57605B}.Debug|x86.ActiveCfg = Debug|Win32
		{6A99679E-9212-4256-8D1F-D1795D57605B}.Debug|x86.Build.0 = Debug|Win32
		{6A99679E-9212-4256-8D1F-D1795D57605B}.Release|x64.ActiveCfg = Release|x64
		{6A99679E-9212-4256-8D1F-D1795D57605B}.Release|x64.Build.0 = Release|x64
		{6A99679E-9212-4256-8D1F-D1795D57605B}.Release|x86.ActiveCfg = Release|Win32
		{6A99679E-9212-4256-8D1F-D1795D57605B}.Release|x86.Build.0 = Release|Win32
		{0EE4C905-C272-4AF0-8260-0591CF770E0E}.Debug|x64.ActiveCfg = Debug|x64
		{0EE4C905-C272-4AF0-8260-0591CF770E0E}.Debug|x64.Build.0 = Debug|x64
		{0EE4C905-C272-4AF0-8260-0591CF770E0E}.Debug|x86.ActiveCfg = Debug|Win32
		{0EE4C905-C272-4AF0-8260-0591CF770E0E}.Debug|x86.Build.0 = Debug|Win32
		{0EE4C905-C272-4AF0-8260-0591CF770E0E}.Release|x64.ActiveCfg = Release|x64
		{0EE4C905-C272-4AF0-8260-0591CF770E0E}.Release|x64.Build.0 = Release|x64
		{0EE4C905-C272-4AF0-8260-0591CF770E0E}.Release|x86.ActiveCfg = Release|Win32
		{0EE4C905-C272-4AF0-8260-0591CF770E0E}.Release|x86.Build.0 = Release|Win32
		{551B9914-FF82-4908-8479-552DE5C747CC}.Debug|x64.ActiveCfg = Debug|x64
		{551B9914-FF82-4908-8479-552DE5C747CC}.Debug|x64.Build.0 = Debug|x64
		{551B9914-FF82-4908-8479-552DE5C747CC}.Debug|x86.ActiveCfg = Debug|Win32
		{551B9914-FF82-4908-8479-552DE5C747CC}.Debug|x86.Build.0 = Debug|Win32
		{551B9914-FF82-4908-8479-552DE5C747CC}.Release|x64.ActiveCfg = Release|x64
		{551B9914-FF82-4908-8479-552DE5C747CC}.Release|x64.Build.0 = Release|x64
		{551B9914-FF82-4908-8479-552DE5C747CC}.Release|x86.ActiveCfg = Release|Win32
		{551B9914-FF82-4908-8479-552DE5C747CC}.Release|x86.Build.0 = Release|Win32
		{B3A5207A-1CA8-451D-B3F7-5B5032BD883A}.Debug|x64.ActiveCfg = Debug|x64
		{B3A5207A-1CA8-451D-B3F7-5B5032BD883A}.Debug|x64.Build.0 = Debug|x64
		{B3A5207A-1CA8-451D-B3F7-5B5032BD883A}.Debug|x86.ActiveCfg = Debug|Win32
		{B3A5207A-1CA8-451D-B3F7-5B5032BD883A}.Debug|x86.Build.0 = Debug|Win32
		{B3A5207A-1CA8-451D-B3F7-5B5032BD883A}.Release|x64.ActiveCfg = Release|x64
		{B3A5207A-1CA8-451D-B3F7-5B5032BD883A}.Release|x64.Build.0 = Release|x64
		{B3A5207A-1CA8-451D-B3F7-5B5032BD883A}.Release|x86.ActiveCfg = Release|Win32
		{B3A5207A-1CA8-451D-B3F7-5B5032BD883A}.Release|x86.Build.0 = Release|Win32
		{AC512DD4-1902-42D7-983A-B69D4A8A0F5E}.Debug|x64.ActiveCfg = Debug|x64
		{AC512DD4-1902-42D7-983A-B69D4A8A0F5E}.Debug|x64.Build.0 = Debug|x64
		{AC512DD4-1902-42D7-983A-B69D4A8A0F5E}.Debug|x86.ActiveCfg = Debug|Win32
		{AC512DD4-1902-42D7-983A-B69D4A8A0F5E}.Debug|x86.Build.0 = Debug|Win32
		{AC512DD4-1902-42D7-983A-B69D4A8A0F5E}.Release|x64.ActiveCfg = Release|x64
		{AC512DD4-1902-42D7-983A-B69D4A8A0F5E}.Release|x64.Build.0 = Release|x64
		{AC512DD4-1902-42D7-983A-B69D4A8A0F5E}.Release|x86.ActiveCfg = Release|Win32
		{AC512DD4-1902-42D7-983A-B69D4A8A0F5E}.Release|x86.Build.0 = Release|Win32
		{0017B8A1-7E2F-41BA-851B-27C1D7EEF3AE}.Debug|x64.ActiveCfg = Debug|x64
		{0017B8A1-7E2F-41BA-851B-27C1D7EEF3AE}.Debug|x64.Build.0 = Debug|x64
		{0017B8A1-7E2F-41BA-851B-27C1D7EEF3AE}.Debug|x86.ActiveCfg = Debug|Win32
		{0017B8A1-7E2F-41BA-851B-27C1D7EEF3AE}.Debug|x86.Build.0 = Debug|Win32
		{0017B8A1-7E2F-41BA-851B-27C1D7EEF3AE}.Release|x64.ActiveCfg = Release|x64
		{0017B8A1-7E2F-41BA-851B-27C1D7EEF3AE}.Release|x64.Build.0 = Release|x64
		{0017B8A1-7E2F-41BA-851B-27C1D7EEF3AE}.Release|x86.ActiveCfg = Release|Win32
		{0017B8A1-7E2F-41BA-851B-27C1D7EEF3AE}.Release|x86.Build.0 = Release|Win32
		{9F1DF320-8BD2-4497-9680-F8778D4505CC}.Debug|x64.ActiveCfg = Debug|x64
		{9F1DF320-8BD2-4497-9680-F8778D4505CC}.Debug|x64.Build.0 = Debug|x64
		{9F1DF320-8BD2-4497-9680-F8778D4505CC}.Debug|x86.ActiveCfg = Debug|Win32
		{9F1DF320-8BD2-4497-9680-F8778D4505CC}.Debug|x86.Build.0 = Debug|Win32
		{9F1DF320-8BD2-4497-9680-F8778D4505CC}.Release|x64.ActiveCfg = Release|x64
		{9F1DF320-8BD2-4497-9680-F8778D4505CC}.Release|x64.Build.0 = Release|x64
		{9F1DF320-8BD2-4497-9680-F8778D4505CC}.Release|x86.ActiveCfg = Release|Win32
		{9F1DF320-8BD2-4497-9680-F8778D4505CC}.Release|x86.Build.0 = Release|Win32
		{D92C21E0-52AE-4216-9C05-69686019DFBE}.Debug|x64.ActiveCfg = Debug|x64
		{D92C21E0-52AE-4216-9C05-69686019DFBE}.Debug|x64.Build.0 = Debug|x64
		{D92C21E0-52AE-4216-9C05-69686019DFBE}.Debug|x86.ActiveCfg = Debug|Win32
		{D92C21E0-52AE-4216-9C05-69686019DFBE}.Debug|x86.Build.0 = Debug|Win32
		{D92C21E0-52AE-4216-9C05-69686019DFBE}.Release|x64.ActiveCfg = Release|x64
		{D92C21E0-52AE-4216-9C05-69686019DFBE}.Release|x64.Build.0 = Release|x64
		{D92C21E0-52AE-4216-9C05-69686019DFBE}.Release|x86.ActiveCfg = Release|Win32
		{D92C21E0-52AE-4216-9C05-69686019DFBE}.Release|x86.Build.0 = Release|Win32
	EndGlobalSection
	GlobalSection(SolutionProperties) = preSolution
		HideSolutionNode = FALSE
	EndGlobalSection
	GlobalSection(ExtensibilityGlobals) = postSolution
		SolutionGuid = {52242ED2-6BF0-4C8D-BFB0-CA1BD8300BDC}
	EndGlobalSection
EndGlobal
