
Microsoft Visual Studio Solution File, Format Version 12.00
# Visual Studio Version 16
VisualStudioVersion = 16.0.32126.315
MinimumVisualStudioVersion = 10.0.40219.1
Project("{8BC9CEB8-8B4A-11D0-8D11-00A0C91BC942}") = "EXAMPLE1", "EXAMPLE1\EXAMPLE1.vcxproj", "{341D9C98-5BE7-4005-AAAD-21E40AF99D4F}"
EndProject
Project("{8BC9CEB8-8B4A-11D0-8D11-00A0C91BC942}") = "EXAMPLE2", "EXAMPLE2\EXAMPLE2.vcxproj", "{7618B989-F3E9-4EEA-AE73-4EFE4658464E}"
EndProject
Project("{8BC9CEB8-8B4A-11D0-8D11-00A0C91BC942}") = "EXAMPLE3", "EXAMPLE3\EXAMPLE3.vcxproj", "{B3DC54FF-4F68-469E-BC34-BF5D1865BB48}"
EndProject
Project("{8BC9CEB8-8B4A-11D0-8D11-00A0C91BC942}") = "EXAMPLE4", "EXAMPLE4\EXAMPLE4.vcxproj", "{8CAFF485-F7F2-452E-B287-63B11CA2CE5A}"
EndProject
Project("{8BC9CEB8-8B4A-11D0-8D11-00A0C91BC942}") = "EXAMPLE5", "EXAMPLE5\EXAMPLE5.vcxproj", "{91620E6A-F05B-483D-BAE1-E37D859B6978}"
EndProject
Project("{8BC9CEB8-8B4A-11D0-8D11-00A0C91BC942}") = "EXAMPLE6", "EXAMPLE6\EXAMPLE6.vcxproj", "{E7BD14B6-53E9-41E9-B0A8-B7D63F68C1FE}"
EndProject
Project("{8BC9CEB8-8B4A-11D0-8D11-00A0C91BC942}") = "EXAMPLE7", "EXAMPLE7\EXAMPLE7.vcxproj", "{706DF6EA-F5FA-4975-A162-72485D78F6D6}"
EndProject
Project("{8BC9CEB8-8B4A-11D0-8D11-00A0C91BC942}") = "EXAMPLE8", "EXAMPLE8\EXAMPLE8.vcxproj", "{FCD78003-0914-4D63-B883-29C8487C9EED}"
EndProject
Project("{8BC9CEB8-8B4A-11D0-8D11-00A0C91BC942}") = "EXAMPLE9", "EXAMPLE9\EXAMPLE9.vcxproj", "{F70DC7FD-E22E-405B-B00E-21AC1D40ECD7}"
EndProject
Project("{8BC9CEB8-8B4A-11D0-8D11-00A0C91BC942}") = "EXAMPLE10", "EXAMPLE10\EXAMPLE10.vcxproj", "{9B666103-D041-4FBA-8072-6A96EF377DE7}"
EndProject
Project("{8BC9CEB8-8B4A-11D0-8D11-00A0C91BC942}") = "EXAMPLE11", "EXAMPLE11\EXAMPLE11.vcxproj", "{5AF2B140-6BC4-47BF-BB9D-C20553FCD0CC}"
EndProject
Project("{8BC9CEB8-8B4A-11D0-8D11-00A0C91BC942}") = "EXAMPLE12", "EXAMPLE12\EXAMPLE12.vcxproj", "{F8B866DA-22C0-4EAE-83B2-8B5632004CE0}"
EndProject
Project("{8BC9CEB8-8B4A-11D0-8D11-00A0C91BC942}") = "EXAMPLE13", "EXAMPLE13\EXAMPLE13.vcxproj", "{9CD361BE-F9BD-4E52-BD45-E84DC397F1A7}"
EndProject
Project("{8BC9CEB8-8B4A-11D0-8D11-00A0C91BC942}") = "EXAMPLE14", "EXAMPLE14\EXAMPLE14.vcxproj", "{47E3AFA4-3F33-46CC-84B2-0B09765E7BDC}"
EndProject
Project("{8BC9CEB8-8B4A-11D0-8D11-00A0C91BC942}") = "EXAMPLE15", "EXAMPLE15\EXAMPLE15.vcxproj", "{AFB022CF-44C2-4768-A280-5EE4A8A249B6}"
EndProject
Project("{8BC9CEB8-8B4A-11D0-8D11-00A0C91BC942}") = "EXAMPLE16", "EXAMPLE16\EXAMPLE16.vcxproj", "{41013673-D6D2-4A28-AF19-18C0AEDF0631}"
EndProject
Project("{8BC9CEB8-8B4A-11D0-8D11-00A0C91BC942}") = "EXAMPLE18", "EXAMPLE18\EXAMPLE18.vcxproj", "{5521574B-E329-4166-8EDA-2A726D8D1746}"
EndProject
Project("{8BC9CEB8-8B4A-11D0-8D11-00A0C91BC942}") = "EXAMPLE17", "EXAMPLE17\EXAMPLE17.vcxproj", "{C1F8EA40-D4FF-4337-80F1-5CE3E7361816}"
EndProject
Project("{8BC9CEB8-8B4A-11D0-8D11-00A0C91BC942}") = "EXAMPLE19", "EXAMPLE19\EXAMPLE19.vcxproj", "{D341D95B-8725-420B-890E-D48B070D0447}"
EndProject
Global
	GlobalSection(SolutionConfigurationPlatforms) = preSolution
		Debug|x64 = Debug|x64
		Debug|x86 = Debug|x86
		Release|x64 = Release|x64
		Release|x86 = Release|x86
	EndGlobalSection
	GlobalSection(ProjectConfigurationPlatforms) = postSolution
		{341D9C98-5BE7-4005-AAAD-21E40AF99D4F}.Debug|x64.ActiveCfg = Debug|x64
		{341D9C98-5BE7-4005-AAAD-21E40AF99D4F}.Debug|x64.Build.0 = Debug|x64
		{341D9C98-5BE7-4005-AAAD-21E40AF99D4F}.Debug|x86.ActiveCfg = Debug|Win32
		{341D9C98-5BE7-4005-AAAD-21E40AF99D4F}.Debug|x86.Build.0 = Debug|Win32
		{341D9C98-5BE7-4005-AAAD-21E40AF99D4F}.Release|x64.ActiveCfg = Release|x64
		{341D9C98-5BE7-4005-AAAD-21E40AF99D4F}.Release|x64.Build.0 = Release|x64
		{341D9C98-5BE7-4005-AAAD-21E40AF99D4F}.Release|x86.ActiveCfg = Release|Win32
		{341D9C98-5BE7-4005-AAAD-21E40AF99D4F}.Release|x86.Build.0 = Release|Win32
		{7618B989-F3E9-4EEA-AE73-4EFE4658464E}.Debug|x64.ActiveCfg = Debug|x64
		{7618B989-F3E9-4EEA-AE73-4EFE4658464E}.Debug|x64.Build.0 = Debug|x64
		{7618B989-F3E9-4EEA-AE73-4EFE4658464E}.Debug|x86.ActiveCfg = Debug|Win32
		{7618B989-F3E9-4EEA-AE73-4EFE4658464E}.Debug|x86.Build.0 = Debug|Win32
		{7618B989-F3E9-4EEA-AE73-4EFE4658464E}.Release|x64.ActiveCfg = Release|x64
		{7618B989-F3E9-4EEA-AE73-4EFE4658464E}.Release|x64.Build.0 = Release|x64
		{7618B989-F3E9-4EEA-AE73-4EFE4658464E}.Release|x86.ActiveCfg = Release|Win32
		{7618B989-F3E9-4EEA-AE73-4EFE4658464E}.Release|x86.Build.0 = Release|Win32
		{B3DC54FF-4F68-469E-BC34-BF5D1865BB48}.Debug|x64.ActiveCfg = Debug|x64
		{B3DC54FF-4F68-469E-BC34-BF5D1865BB48}.Debug|x64.Build.0 = Debug|x64
		{B3DC54FF-4F68-469E-BC34-BF5D1865BB48}.Debug|x86.ActiveCfg = Debug|Win32
		{B3DC54FF-4F68-469E-BC34-BF5D1865BB48}.Debug|x86.Build.0 = Debug|Win32
		{B3DC54FF-4F68-469E-BC34-BF5D1865BB48}.Release|x64.ActiveCfg = Release|x64
		{B3DC54FF-4F68-469E-BC34-BF5D1865BB48}.Release|x64.Build.0 = Release|x64
		{B3DC54FF-4F68-469E-BC34-BF5D1865BB48}.Release|x86.ActiveCfg = Release|Win32
		{B3DC54FF-4F68-469E-BC34-BF5D1865BB48}.Release|x86.Build.0 = Release|Win32
		{8CAFF485-F7F2-452E-B287-63B11CA2CE5A}.Debug|x64.ActiveCfg = Debug|x64
		{8CAFF485-F7F2-452E-B287-63B11CA2CE5A}.Debug|x64.Build.0 = Debug|x64
		{8CAFF485-F7F2-452E-B287-63B11CA2CE5A}.Debug|x86.ActiveCfg = Debug|Win32
		{8CAFF485-F7F2-452E-B287-63B11CA2CE5A}.Debug|x86.Build.0 = Debug|Win32
		{8CAFF485-F7F2-452E-B287-63B11CA2CE5A}.Release|x64.ActiveCfg = Release|x64
		{8CAFF485-F7F2-452E-B287-63B11CA2CE5A}.Release|x64.Build.0 = Release|x64
		{8CAFF485-F7F2-452E-B287-63B11CA2CE5A}.Release|x86.ActiveCfg = Release|Win32
		{8CAFF485-F7F2-452E-B287-63B11CA2CE5A}.Release|x86.Build.0 = Release|Win32
		{91620E6A-F05B-483D-BAE1-E37D859B6978}.Debug|x64.ActiveCfg = Debug|x64
		{91620E6A-F05B-483D-BAE1-E37D859B6978}.Debug|x64.Build.0 = Debug|x64
		{91620E6A-F05B-483D-BAE1-E37D859B6978}.Debug|x86.ActiveCfg = Debug|Win32
		{91620E6A-F05B-483D-BAE1-E37D859B6978}.Debug|x86.Build.0 = Debug|Win32
		{91620E6A-F05B-483D-BAE1-E37D859B6978}.Release|x64.ActiveCfg = Release|x64
		{91620E6A-F05B-483D-BAE1-E37D859B6978}.Release|x64.Build.0 = Release|x64
		{91620E6A-F05B-483D-BAE1-E37D859B6978}.Release|x86.ActiveCfg = Release|Win32
		{91620E6A-F05B-483D-BAE1-E37D859B6978}.Release|x86.Build.0 = Release|Win32
		{E7BD14B6-53E9-41E9-B0A8-B7D63F68C1FE}.Debug|x64.ActiveCfg = Debug|x64
		{E7BD14B6-53E9-41E9-B0A8-B7D63F68C1FE}.Debug|x64.Build.0 = Debug|x64
		{E7BD14B6-53E9-41E9-B0A8-B7D63F68C1FE}.Debug|x86.ActiveCfg = Debug|Win32
		{E7BD14B6-53E9-41E9-B0A8-B7D63F68C1FE}.Debug|x86.Build.0 = Debug|Win32
		{E7BD14B6-53E9-41E9-B0A8-B7D63F68C1FE}.Release|x64.ActiveCfg = Release|x64
		{E7BD14B6-53E9-41E9-B0A8-B7D63F68C1FE}.Release|x64.Build.0 = Release|x64
		{E7BD14B6-53E9-41E9-B0A8-B7D63F68C1FE}.Release|x86.ActiveCfg = Release|Win32
		{E7BD14B6-53E9-41E9-B0A8-B7D63F68C1FE}.Release|x86.Build.0 = Release|Win32
		{706DF6EA-F5FA-4975-A162-72485D78F6D6}.Debug|x64.ActiveCfg = Debug|x64
		{706DF6EA-F5FA-4975-A162-72485D78F6D6}.Debug|x64.Build.0 = Debug|x64
		{706DF6EA-F5FA-4975-A162-72485D78F6D6}.Debug|x86.ActiveCfg = Debug|Win32
		{706DF6EA-F5FA-4975-A162-72485D78F6D6}.Debug|x86.Build.0 = Debug|Win32
		{706DF6EA-F5FA-4975-A162-72485D78F6D6}.Release|x64.ActiveCfg = Release|x64
		{706DF6EA-F5FA-4975-A162-72485D78F6D6}.Release|x64.Build.0 = Release|x64
		{706DF6EA-F5FA-4975-A162-72485D78F6D6}.Release|x86.ActiveCfg = Release|Win32
		{706DF6EA-F5FA-4975-A162-72485D78F6D6}.Release|x86.Build.0 = Release|Win32
		{FCD78003-0914-4D63-B883-29C8487C9EED}.Debug|x64.ActiveCfg = Debug|x64
		{FCD78003-0914-4D63-B883-29C8487C9EED}.Debug|x64.Build.0 = Debug|x64
		{FCD78003-0914-4D63-B883-29C8487C9EED}.Debug|x86.ActiveCfg = Debug|Win32
		{FCD78003-0914-4D63-B883-29C8487C9EED}.Debug|x86.Build.0 = Debug|Win32
		{FCD78003-0914-4D63-B883-29C8487C9EED}.Release|x64.ActiveCfg = Release|x64
		{FCD78003-0914-4D63-B883-29C8487C9EED}.Release|x64.Build.0 = Release|x64
		{FCD78003-0914-4D63-B883-29C8487C9EED}.Release|x86.ActiveCfg = Release|Win32
		{FCD78003-0914-4D63-B883-29C8487C9EED}.Release|x86.Build.0 = Release|Win32
		{F70DC7FD-E22E-405B-B00E-21AC1D40ECD7}.Debug|x64.ActiveCfg = Debug|x64
		{F70DC7FD-E22E-405B-B00E-21AC1D40ECD7}.Debug|x64.Build.0 = Debug|x64
		{F70DC7FD-E22E-405B-B00E-21AC1D40ECD7}.Debug|x86.ActiveCfg = Debug|Win32
		{F70DC7FD-E22E-405B-B00E-21AC1D40ECD7}.Debug|x86.Build.0 = Debug|Win32
		{F70DC7FD-E22E-405B-B00E-21AC1D40ECD7}.Release|x64.ActiveCfg = Release|x64
		{F70DC7FD-E22E-405B-B00E-21AC1D40ECD7}.Release|x64.Build.0 = Release|x64
		{F70DC7FD-E22E-405B-B00E-21AC1D40ECD7}.Release|x86.ActiveCfg = Release|Win32
		{F70DC7FD-E22E-405B-B00E-21AC1D40ECD7}.Release|x86.Build.0 = Release|Win32
		{9B666103-D041-4FBA-8072-6A96EF377DE7}.Debug|x64.ActiveCfg = Debug|x64
		{9B666103-D041-4FBA-8072-6A96EF377DE7}.Debug|x64.Build.0 = Debug|x64
		{9B666103-D041-4FBA-8072-6A96EF377DE7}.Debug|x86.ActiveCfg = Debug|Win32
		{9B666103-D041-4FBA-8072-6A96EF377DE7}.Debug|x86.Build.0 = Debug|Win32
		{9B666103-D041-4FBA-8072-6A96EF377DE7}.Release|x64.ActiveCfg = Release|x64
		{9B666103-D041-4FBA-8072-6A96EF377DE7}.Release|x64.Build.0 = Release|x64
		{9B666103-D041-4FBA-8072-6A96EF377DE7}.Release|x86.ActiveCfg = Release|Win32
		{9B666103-D041-4FBA-8072-6A96EF377DE7}.Release|x86.Build.0 = Release|Win32
		{5AF2B140-6BC4-47BF-BB9D-C20553FCD0CC}.Debug|x64.ActiveCfg = Debug|x64
		{5AF2B140-6BC4-47BF-BB9D-C20553FCD0CC}.Debug|x64.Build.0 = Debug|x64
		{5AF2B140-6BC4-47BF-BB9D-C20553FCD0CC}.Debug|x86.ActiveCfg = Debug|Win32
		{5AF2B140-6BC4-47BF-BB9D-C20553FCD0CC}.Debug|x86.Build.0 = Debug|Win32
		{5AF2B140-6BC4-47BF-BB9D-C20553FCD0CC}.Release|x64.ActiveCfg = Release|x64
		{5AF2B140-6BC4-47BF-BB9D-C20553FCD0CC}.Release|x64.Build.0 = Release|x64
		{5AF2B140-6BC4-47BF-BB9D-C20553FCD0CC}.Release|x86.ActiveCfg = Release|Win32
		{5AF2B140-6BC4-47BF-BB9D-C20553FCD0CC}.Release|x86.Build.0 = Release|Win32
		{F8B866DA-22C0-4EAE-83B2-8B5632004CE0}.Debug|x64.ActiveCfg = Debug|x64
		{F8B866DA-22C0-4EAE-83B2-8B5632004CE0}.Debug|x64.Build.0 = Debug|x64
		{F8B866DA-22C0-4EAE-83B2-8B5632004CE0}.Debug|x86.ActiveCfg = Debug|Win32
		{F8B866DA-22C0-4EAE-83B2-8B5632004CE0}.Debug|x86.Build.0 = Debug|Win32
		{F8B866DA-22C0-4EAE-83B2-8B5632004CE0}.Release|x64.ActiveCfg = Release|x64
		{F8B866DA-22C0-4EAE-83B2-8B5632004CE0}.Release|x64.Build.0 = Release|x64
		{F8B866DA-22C0-4EAE-83B2-8B5632004CE0}.Release|x86.ActiveCfg = Release|Win32
		{F8B866DA-22C0-4EAE-83B2-8B5632004CE0}.Release|x86.Build.0 = Release|Win32
		{9CD361BE-F9BD-4E52-BD45-E84DC397F1A7}.Debug|x64.ActiveCfg = Debug|x64
		{9CD361BE-F9BD-4E52-BD45-E84DC397F1A7}.Debug|x64.Build.0 = Debug|x64
		{9CD361BE-F9BD-4E52-BD45-E84DC397F1A7}.Debug|x86.ActiveCfg = Debug|Win32
		{9CD361BE-F9BD-4E52-BD45-E84DC397F1A7}.Debug|x86.Build.0 = Debug|Win32
		{9CD361BE-F9BD-4E52-BD45-E84DC397F1A7}.Release|x64.ActiveCfg = Release|x64
		{9CD361BE-F9BD-4E52-BD45-E84DC397F1A7}.Release|x64.Build.0 = Release|x64
		{9CD361BE-F9BD-4E52-BD45-E84DC397F1A7}.Release|x86.ActiveCfg = Release|Win32
		{9CD361BE-F9BD-4E52-BD45-E84DC397F1A7}.Release|x86.Build.0 = Release|Win32
		{47E3AFA4-3F33-46CC-84B2-0B09765E7BDC}.Debug|x64.ActiveCfg = Debug|x64
		{47E3AFA4-3F33-46CC-84B2-0B09765E7BDC}.Debug|x64.Build.0 = Debug|x64
		{47E3AFA4-3F33-46CC-84B2-0B09765E7BDC}.Debug|x86.ActiveCfg = Debug|Win32
		{47E3AFA4-3F33-46CC-84B2-0B09765E7BDC}.Debug|x86.Build.0 = Debug|Win32
		{47E3AFA4-3F33-46CC-84B2-0B09765E7BDC}.Release|x64.ActiveCfg = Release|x64
		{47E3AFA4-3F33-46CC-84B2-0B09765E7BDC}.Release|x64.Build.0 = Release|x64
		{47E3AFA4-3F33-46CC-84B2-0B09765E7BDC}.Release|x86.ActiveCfg = Release|Win32
		{47E3AFA4-3F33-46CC-84B2-0B09765E7BDC}.Release|x86.Build.0 = Release|Win32
		{AFB022CF-44C2-4768-A280-5EE4A8A249B6}.Debug|x64.ActiveCfg = Debug|x64
		{AFB022CF-44C2-4768-A280-5EE4A8A249B6}.Debug|x64.Build.0 = Debug|x64
		{AFB022CF-44C2-4768-A280-5EE4A8A249B6}.Debug|x86.ActiveCfg = Debug|Win32
		{AFB022CF-44C2-4768-A280-5EE4A8A249B6}.Debug|x86.Build.0 = Debug|Win32
		{AFB022CF-44C2-4768-A280-5EE4A8A249B6}.Release|x64.ActiveCfg = Release|x64
		{AFB022CF-44C2-4768-A280-5EE4A8A249B6}.Release|x64.Build.0 = Release|x64
		{AFB022CF-44C2-4768-A280-5EE4A8A249B6}.Release|x86.ActiveCfg = Release|Win32
		{AFB022CF-44C2-4768-A280-5EE4A8A249B6}.Release|x86.Build.0 = Release|Win32
		{41013673-D6D2-4A28-AF19-18C0AEDF0631}.Debug|x64.ActiveCfg = Debug|x64
		{41013673-D6D2-4A28-AF19-18C0AEDF0631}.Debug|x64.Build.0 = Debug|x64
		{41013673-D6D2-4A28-AF19-18C0AEDF0631}.Debug|x86.ActiveCfg = Debug|Win32
		{41013673-D6D2-4A28-AF19-18C0AEDF0631}.Debug|x86.Build.0 = Debug|Win32
		{41013673-D6D2-4A28-AF19-18C0AEDF0631}.Release|x64.ActiveCfg = Release|x64
		{41013673-D6D2-4A28-AF19-18C0AEDF0631}.Release|x64.Build.0 = Release|x64
		{41013673-D6D2-4A28-AF19-18C0AEDF0631}.Release|x86.ActiveCfg = Release|Win32
		{41013673-D6D2-4A28-AF19-18C0AEDF0631}.Release|x86.Build.0 = Release|Win32
		{5521574B-E329-4166-8EDA-2A726D8D1746}.Debug|x64.ActiveCfg = Debug|x64
		{5521574B-E329-4166-8EDA-2A726D8D1746}.Debug|x64.Build.0 = Debug|x64
		{5521574B-E329-4166-8EDA-2A726D8D1746}.Debug|x86.ActiveCfg = Debug|Win32
		{5521574B-E329-4166-8EDA-2A726D8D1746}.Debug|x86.Build.0 = Debug|Win32
		{5521574B-E329-4166-8EDA-2A726D8D1746}.Release|x64.ActiveCfg = Release|x64
		{5521574B-E329-4166-8EDA-2A726D8D1746}.Release|x64.Build.0 = Release|x64
		{5521574B-E329-4166-8EDA-2A726D8D1746}.Release|x86.ActiveCfg = Release|Win32
		{5521574B-E329-4166-8EDA-2A726D8D1746}.Release|x86.Build.0 = Release|Win32
		{C1F8EA40-D4FF-4337-80F1-5CE3E7361816}.Debug|x64.ActiveCfg = Debug|x64
		{C1F8EA40-D4FF-4337-80F1-5CE3E7361816}.Debug|x64.Build.0 = Debug|x64
		{C1F8EA40-D4FF-4337-80F1-5CE3E7361816}.Debug|x86.ActiveCfg = Debug|Win32
		{C1F8EA40-D4FF-4337-80F1-5CE3E7361816}.Debug|x86.Build.0 = Debug|Win32
		{C1F8EA40-D4FF-4337-80F1-5CE3E7361816}.Release|x64.ActiveCfg = Release|x64
		{C1F8EA40-D4FF-4337-80F1-5CE3E7361816}.Release|x64.Build.0 = Release|x64
		{C1F8EA40-D4FF-4337-80F1-5CE3E7361816}.Release|x86.ActiveCfg = Release|Win32
		{C1F8EA40-D4FF-4337-80F1-5CE3E7361816}.Release|x86.Build.0 = Release|Win32
		{D341D95B-8725-420B-890E-D48B070D0447}.Debug|x64.ActiveCfg = Debug|x64
		{D341D95B-8725-420B-890E-D48B070D0447}.Debug|x64.Build.0 = Debug|x64
		{D341D95B-8725-420B-890E-D48B070D0447}.Debug|x86.ActiveCfg = Debug|Win32
		{D341D95B-8725-420B-890E-D48B070D0447}.Debug|x86.Build.0 = Debug|Win32
		{D341D95B-8725-420B-890E-D48B070D0447}.Release|x64.ActiveCfg = Release|x64
		{D341D95B-8725-420B-890E-D48B070D0447}.Release|x64.Build.0 = Release|x64
		{D341D95B-8725-420B-890E-D48B070D0447}.Release|x86.ActiveCfg = Release|Win32
		{D341D95B-8725-420B-890E-D48B070D0447}.Release|x86.Build.0 = Release|Win32
	EndGlobalSection
	GlobalSection(SolutionProperties) = preSolution
		HideSolutionNode = FALSE
	EndGlobalSection
	GlobalSection(ExtensibilityGlobals) = postSolution
		SolutionGuid = {1EC058A3-792F-4AA2-80E5-1DD96BB0A26C}
	EndGlobalSection
EndGlobal
